
Microsoft Visual Studio Solution File, Format Version 12.00
# Visual Studio 15
VisualStudioVersion = 15.0.27004.2009
MinimumVisualStudioVersion = 10.0.40219.1
Project("{FAE04EC0-301F-11D3-BF4B-00C04F79EFBC}") = "AssistControl.Android", "AssistControl\AssistControl.Android\AssistControl.Android.csproj", "{526F6197-F5C9-43CE-9708-220F00C23537}"
EndProject
Project("{FAE04EC0-301F-11D3-BF4B-00C04F79EFBC}") = "AssistControl", "AssistControl\AssistControl\AssistControl.csproj", "{618EDD8F-797C-480A-A168-2F69E75EE694}"
EndProject
Project("{FAE04EC0-301F-11D3-BF4B-00C04F79EFBC}") = "AssistControl.UWP", "AssistControl\AssistControl.UWP\AssistControl.UWP.csproj", "{CFF5AF81-38AD-4BFD-B1E8-BBFDF8600485}"
EndProject
Project("{FAE04EC0-301F-11D3-BF4B-00C04F79EFBC}") = "AssistControl.iOS", "AssistControl\AssistControl.iOS\AssistControl.iOS.csproj", "{2C717571-C8C3-4164-B800-FD0EAAB748BE}"
EndProject
Global
	GlobalSection(SolutionConfigurationPlatforms) = preSolution
		Ad-Hoc|Any CPU = Ad-Hoc|Any CPU
		Ad-Hoc|ARM = Ad-Hoc|ARM
		Ad-Hoc|iPhone = Ad-Hoc|iPhone
		Ad-Hoc|iPhoneSimulator = Ad-Hoc|iPhoneSimulator
		Ad-Hoc|x64 = Ad-Hoc|x64
		Ad-Hoc|x86 = Ad-Hoc|x86
		AppStore|Any CPU = AppStore|Any CPU
		AppStore|ARM = AppStore|ARM
		AppStore|iPhone = AppStore|iPhone
		AppStore|iPhoneSimulator = AppStore|iPhoneSimulator
		AppStore|x64 = AppStore|x64
		AppStore|x86 = AppStore|x86
		Debug|Any CPU = Debug|Any CPU
		Debug|ARM = Debug|ARM
		Debug|iPhone = Debug|iPhone
		Debug|iPhoneSimulator = Debug|iPhoneSimulator
		Debug|x64 = Debug|x64
		Debug|x86 = Debug|x86
		Release|Any CPU = Release|Any CPU
		Release|ARM = Release|ARM
		Release|iPhone = Release|iPhone
		Release|iPhoneSimulator = Release|iPhoneSimulator
		Release|x64 = Release|x64
		Release|x86 = Release|x86
	EndGlobalSection
	GlobalSection(ProjectConfigurationPlatforms) = postSolution
		{526F6197-F5C9-43CE-9708-220F00C23537}.Ad-Hoc|Any CPU.ActiveCfg = Release|Any CPU
		{526F6197-F5C9-43CE-9708-220F00C23537}.Ad-Hoc|Any CPU.Build.0 = Release|Any CPU
		{526F6197-F5C9-43CE-9708-220F00C23537}.Ad-Hoc|Any CPU.Deploy.0 = Release|Any CPU
		{526F6197-F5C9-43CE-9708-220F00C23537}.Ad-Hoc|ARM.ActiveCfg = Release|Any CPU
		{526F6197-F5C9-43CE-9708-220F00C23537}.Ad-Hoc|ARM.Build.0 = Release|Any CPU
		{526F6197-F5C9-43CE-9708-220F00C23537}.Ad-Hoc|ARM.Deploy.0 = Release|Any CPU
		{526F6197-F5C9-43CE-9708-220F00C23537}.Ad-Hoc|iPhone.ActiveCfg = Release|Any CPU
		{526F6197-F5C9-43CE-9708-220F00C23537}.Ad-Hoc|iPhone.Build.0 = Release|Any CPU
		{526F6197-F5C9-43CE-9708-220F00C23537}.Ad-Hoc|iPhone.Deploy.0 = Release|Any CPU
		{526F6197-F5C9-43CE-9708-220F00C23537}.Ad-Hoc|iPhoneSimulator.ActiveCfg = Release|Any CPU
		{526F6197-F5C9-43CE-9708-220F00C23537}.Ad-Hoc|iPhoneSimulator.Build.0 = Release|Any CPU
		{526F6197-F5C9-43CE-9708-220F00C23537}.Ad-Hoc|iPhoneSimulator.Deploy.0 = Release|Any CPU
		{526F6197-F5C9-43CE-9708-220F00C23537}.Ad-Hoc|x64.ActiveCfg = Release|Any CPU
		{526F6197-F5C9-43CE-9708-220F00C23537}.Ad-Hoc|x64.Build.0 = Release|Any CPU
		{526F6197-F5C9-43CE-9708-220F00C23537}.Ad-Hoc|x64.Deploy.0 = Release|Any CPU
		{526F6197-F5C9-43CE-9708-220F00C23537}.Ad-Hoc|x86.ActiveCfg = Release|Any CPU
		{526F6197-F5C9-43CE-9708-220F00C23537}.Ad-Hoc|x86.Build.0 = Release|Any CPU
		{526F6197-F5C9-43CE-9708-220F00C23537}.Ad-Hoc|x86.Deploy.0 = Release|Any CPU
		{526F6197-F5C9-43CE-9708-220F00C23537}.AppStore|Any CPU.ActiveCfg = Release|Any CPU
		{526F6197-F5C9-43CE-9708-220F00C23537}.AppStore|Any CPU.Build.0 = Release|Any CPU
		{526F6197-F5C9-43CE-9708-220F00C23537}.AppStore|Any CPU.Deploy.0 = Release|Any CPU
		{526F6197-F5C9-43CE-9708-220F00C23537}.AppStore|ARM.ActiveCfg = Release|Any CPU
		{526F6197-F5C9-43CE-9708-220F00C23537}.AppStore|ARM.Build.0 = Release|Any CPU
		{526F6197-F5C9-43CE-9708-220F00C23537}.AppStore|ARM.Deploy.0 = Release|Any CPU
		{526F6197-F5C9-43CE-9708-220F00C23537}.AppStore|iPhone.ActiveCfg = Release|Any CPU
		{526F6197-F5C9-43CE-9708-220F00C23537}.AppStore|iPhone.Build.0 = Release|Any CPU
		{526F6197-F5C9-43CE-9708-220F00C23537}.AppStore|iPhone.Deploy.0 = Release|Any CPU
		{526F6197-F5C9-43CE-9708-220F00C23537}.AppStore|iPhoneSimulator.ActiveCfg = Release|Any CPU
		{526F6197-F5C9-43CE-9708-220F00C23537}.AppStore|iPhoneSimulator.Build.0 = Release|Any CPU
		{526F6197-F5C9-43CE-9708-220F00C23537}.AppStore|iPhoneSimulator.Deploy.0 = Release|Any CPU
		{526F6197-F5C9-43CE-9708-220F00C23537}.AppStore|x64.ActiveCfg = Release|Any CPU
		{526F6197-F5C9-43CE-9708-220F00C23537}.AppStore|x64.Build.0 = Release|Any CPU
		{526F6197-F5C9-43CE-9708-220F00C23537}.AppStore|x64.Deploy.0 = Release|Any CPU
		{526F6197-F5C9-43CE-9708-220F00C23537}.AppStore|x86.ActiveCfg = Release|Any CPU
		{526F6197-F5C9-43CE-9708-220F00C23537}.AppStore|x86.Build.0 = Release|Any CPU
		{526F6197-F5C9-43CE-9708-220F00C23537}.AppStore|x86.Deploy.0 = Release|Any CPU
		{526F6197-F5C9-43CE-9708-220F00C23537}.Debug|Any CPU.ActiveCfg = Debug|Any CPU
		{526F6197-F5C9-43CE-9708-220F00C23537}.Debug|Any CPU.Build.0 = Debug|Any CPU
		{526F6197-F5C9-43CE-9708-220F00C23537}.Debug|Any CPU.Deploy.0 = Debug|Any CPU
		{526F6197-F5C9-43CE-9708-220F00C23537}.Debug|ARM.ActiveCfg = Debug|Any CPU
		{526F6197-F5C9-43CE-9708-220F00C23537}.Debug|ARM.Build.0 = Debug|Any CPU
		{526F6197-F5C9-43CE-9708-220F00C23537}.Debug|ARM.Deploy.0 = Debug|Any CPU
		{526F6197-F5C9-43CE-9708-220F00C23537}.Debug|iPhone.ActiveCfg = Debug|Any CPU
		{526F6197-F5C9-43CE-9708-220F00C23537}.Debug|iPhone.Build.0 = Debug|Any CPU
		{526F6197-F5C9-43CE-9708-220F00C23537}.Debug|iPhone.Deploy.0 = Debug|Any CPU
		{526F6197-F5C9-43CE-9708-220F00C23537}.Debug|iPhoneSimulator.ActiveCfg = Debug|Any CPU
		{526F6197-F5C9-43CE-9708-220F00C23537}.Debug|iPhoneSimulator.Build.0 = Debug|Any CPU
		{526F6197-F5C9-43CE-9708-220F00C23537}.Debug|iPhoneSimulator.Deploy.0 = Debug|Any CPU
		{526F6197-F5C9-43CE-9708-220F00C23537}.Debug|x64.ActiveCfg = Debug|Any CPU
		{526F6197-F5C9-43CE-9708-220F00C23537}.Debug|x64.Build.0 = Debug|Any CPU
		{526F6197-F5C9-43CE-9708-220F00C23537}.Debug|x64.Deploy.0 = Debug|Any CPU
		{526F6197-F5C9-43CE-9708-220F00C23537}.Debug|x86.ActiveCfg = Debug|Any CPU
		{526F6197-F5C9-43CE-9708-220F00C23537}.Debug|x86.Build.0 = Debug|Any CPU
		{526F6197-F5C9-43CE-9708-220F00C23537}.Debug|x86.Deploy.0 = Debug|Any CPU
		{526F6197-F5C9-43CE-9708-220F00C23537}.Release|Any CPU.ActiveCfg = Release|Any CPU
		{526F6197-F5C9-43CE-9708-220F00C23537}.Release|Any CPU.Build.0 = Release|Any CPU
		{526F6197-F5C9-43CE-9708-220F00C23537}.Release|Any CPU.Deploy.0 = Release|Any CPU
		{526F6197-F5C9-43CE-9708-220F00C23537}.Release|ARM.ActiveCfg = Release|Any CPU
		{526F6197-F5C9-43CE-9708-220F00C23537}.Release|ARM.Build.0 = Release|Any CPU
		{526F6197-F5C9-43CE-9708-220F00C23537}.Release|ARM.Deploy.0 = Release|Any CPU
		{526F6197-F5C9-43CE-9708-220F00C23537}.Release|iPhone.ActiveCfg = Release|Any CPU
		{526F6197-F5C9-43CE-9708-220F00C23537}.Release|iPhone.Build.0 = Release|Any CPU
		{526F6197-F5C9-43CE-9708-220F00C23537}.Release|iPhone.Deploy.0 = Release|Any CPU
		{526F6197-F5C9-43CE-9708-220F00C23537}.Release|iPhoneSimulator.ActiveCfg = Release|Any CPU
		{526F6197-F5C9-43CE-9708-220F00C23537}.Release|iPhoneSimulator.Build.0 = Release|Any CPU
		{526F6197-F5C9-43CE-9708-220F00C23537}.Release|iPhoneSimulator.Deploy.0 = Release|Any CPU
		{526F6197-F5C9-43CE-9708-220F00C23537}.Release|x64.ActiveCfg = Release|Any CPU
		{526F6197-F5C9-43CE-9708-220F00C23537}.Release|x64.Build.0 = Release|Any CPU
		{526F6197-F5C9-43CE-9708-220F00C23537}.Release|x64.Deploy.0 = Release|Any CPU
		{526F6197-F5C9-43CE-9708-220F00C23537}.Release|x86.ActiveCfg = Release|Any CPU
		{526F6197-F5C9-43CE-9708-220F00C23537}.Release|x86.Build.0 = Release|Any CPU
		{526F6197-F5C9-43CE-9708-220F00C23537}.Release|x86.Deploy.0 = Release|Any CPU
		{618EDD8F-797C-480A-A168-2F69E75EE694}.Ad-Hoc|Any CPU.ActiveCfg = Release|Any CPU
		{618EDD8F-797C-480A-A168-2F69E75EE694}.Ad-Hoc|Any CPU.Build.0 = Release|Any CPU
		{618EDD8F-797C-480A-A168-2F69E75EE694}.Ad-Hoc|ARM.ActiveCfg = Release|Any CPU
		{618EDD8F-797C-480A-A168-2F69E75EE694}.Ad-Hoc|ARM.Build.0 = Release|Any CPU
		{618EDD8F-797C-480A-A168-2F69E75EE694}.Ad-Hoc|iPhone.ActiveCfg = Release|Any CPU
		{618EDD8F-797C-480A-A168-2F69E75EE694}.Ad-Hoc|iPhone.Build.0 = Release|Any CPU
		{618EDD8F-797C-480A-A168-2F69E75EE694}.Ad-Hoc|iPhoneSimulator.ActiveCfg = Release|Any CPU
		{618EDD8F-797C-480A-A168-2F69E75EE694}.Ad-Hoc|iPhoneSimulator.Build.0 = Release|Any CPU
		{618EDD8F-797C-480A-A168-2F69E75EE694}.Ad-Hoc|x64.ActiveCfg = Release|Any CPU
		{618EDD8F-797C-480A-A168-2F69E75EE694}.Ad-Hoc|x64.Build.0 = Release|Any CPU
		{618EDD8F-797C-480A-A168-2F69E75EE694}.Ad-Hoc|x86.ActiveCfg = Release|Any CPU
		{618EDD8F-797C-480A-A168-2F69E75EE694}.Ad-Hoc|x86.Build.0 = Release|Any CPU
		{618EDD8F-797C-480A-A168-2F69E75EE694}.AppStore|Any CPU.ActiveCfg = Release|Any CPU
		{618EDD8F-797C-480A-A168-2F69E75EE694}.AppStore|Any CPU.Build.0 = Release|Any CPU
		{618EDD8F-797C-480A-A168-2F69E75EE694}.AppStore|ARM.ActiveCfg = Release|Any CPU
		{618EDD8F-797C-480A-A168-2F69E75EE694}.AppStore|ARM.Build.0 = Release|Any CPU
		{618EDD8F-797C-480A-A168-2F69E75EE694}.AppStore|iPhone.ActiveCfg = Release|Any CPU
		{618EDD8F-797C-480A-A168-2F69E75EE694}.AppStore|iPhone.Build.0 = Release|Any CPU
		{618EDD8F-797C-480A-A168-2F69E75EE694}.AppStore|iPhoneSimulator.ActiveCfg = Release|Any CPU
		{618EDD8F-797C-480A-A168-2F69E75EE694}.AppStore|iPhoneSimulator.Build.0 = Release|Any CPU
		{618EDD8F-797C-480A-A168-2F69E75EE694}.AppStore|x64.ActiveCfg = Release|Any CPU
		{618EDD8F-797C-480A-A168-2F69E75EE694}.AppStore|x64.Build.0 = Release|Any CPU
		{618EDD8F-797C-480A-A168-2F69E75EE694}.AppStore|x86.ActiveCfg = Release|Any CPU
		{618EDD8F-797C-480A-A168-2F69E75EE694}.AppStore|x86.Build.0 = Release|Any CPU
		{618EDD8F-797C-480A-A168-2F69E75EE694}.Debug|Any CPU.ActiveCfg = Debug|Any CPU
		{618EDD8F-797C-480A-A168-2F69E75EE694}.Debug|Any CPU.Build.0 = Debug|Any CPU
		{618EDD8F-797C-480A-A168-2F69E75EE694}.Debug|ARM.ActiveCfg = Debug|Any CPU
		{618EDD8F-797C-480A-A168-2F69E75EE694}.Debug|ARM.Build.0 = Debug|Any CPU
		{618EDD8F-797C-480A-A168-2F69E75EE694}.Debug|iPhone.ActiveCfg = Debug|Any CPU
		{618EDD8F-797C-480A-A168-2F69E75EE694}.Debug|iPhone.Build.0 = Debug|Any CPU
		{618EDD8F-797C-480A-A168-2F69E75EE694}.Debug|iPhoneSimulator.ActiveCfg = Debug|Any CPU
		{618EDD8F-797C-480A-A168-2F69E75EE694}.Debug|iPhoneSimulator.Build.0 = Debug|Any CPU
		{618EDD8F-797C-480A-A168-2F69E75EE694}.Debug|x64.ActiveCfg = Debug|Any CPU
		{618EDD8F-797C-480A-A168-2F69E75EE694}.Debug|x64.Build.0 = Debug|Any CPU
		{618EDD8F-797C-480A-A168-2F69E75EE694}.Debug|x86.ActiveCfg = Debug|Any CPU
		{618EDD8F-797C-480A-A168-2F69E75EE694}.Debug|x86.Build.0 = Debug|Any CPU
		{618EDD8F-797C-480A-A168-2F69E75EE694}.Release|Any CPU.ActiveCfg = Release|Any CPU
		{618EDD8F-797C-480A-A168-2F69E75EE694}.Release|Any CPU.Build.0 = Release|Any CPU
		{618EDD8F-797C-480A-A168-2F69E75EE694}.Release|ARM.ActiveCfg = Release|Any CPU
		{618EDD8F-797C-480A-A168-2F69E75EE694}.Release|ARM.Build.0 = Release|Any CPU
		{618EDD8F-797C-480A-A168-2F69E75EE694}.Release|iPhone.ActiveCfg = Release|Any CPU
		{618EDD8F-797C-480A-A168-2F69E75EE694}.Release|iPhone.Build.0 = Release|Any CPU
		{618EDD8F-797C-480A-A168-2F69E75EE694}.Release|iPhoneSimulator.ActiveCfg = Release|Any CPU
		{618EDD8F-797C-480A-A168-2F69E75EE694}.Release|iPhoneSimulator.Build.0 = Release|Any CPU
		{618EDD8F-797C-480A-A168-2F69E75EE694}.Release|x64.ActiveCfg = Release|Any CPU
		{618EDD8F-797C-480A-A168-2F69E75EE694}.Release|x64.Build.0 = Release|Any CPU
		{618EDD8F-797C-480A-A168-2F69E75EE694}.Release|x86.ActiveCfg = Release|Any CPU
		{618EDD8F-797C-480A-A168-2F69E75EE694}.Release|x86.Build.0 = Release|Any CPU
		{CFF5AF81-38AD-4BFD-B1E8-BBFDF8600485}.Ad-Hoc|Any CPU.ActiveCfg = Release|x86
		{CFF5AF81-38AD-4BFD-B1E8-BBFDF8600485}.Ad-Hoc|Any CPU.Build.0 = Release|x86
		{CFF5AF81-38AD-4BFD-B1E8-BBFDF8600485}.Ad-Hoc|Any CPU.Deploy.0 = Release|x86
		{CFF5AF81-38AD-4BFD-B1E8-BBFDF8600485}.Ad-Hoc|ARM.ActiveCfg = Release|ARM
		{CFF5AF81-38AD-4BFD-B1E8-BBFDF8600485}.Ad-Hoc|ARM.Build.0 = Release|ARM
		{CFF5AF81-38AD-4BFD-B1E8-BBFDF8600485}.Ad-Hoc|ARM.Deploy.0 = Release|ARM
		{CFF5AF81-38AD-4BFD-B1E8-BBFDF8600485}.Ad-Hoc|iPhone.ActiveCfg = Release|x86
		{CFF5AF81-38AD-4BFD-B1E8-BBFDF8600485}.Ad-Hoc|iPhone.Build.0 = Release|x86
		{CFF5AF81-38AD-4BFD-B1E8-BBFDF8600485}.Ad-Hoc|iPhone.Deploy.0 = Release|x86
		{CFF5AF81-38AD-4BFD-B1E8-BBFDF8600485}.Ad-Hoc|iPhoneSimulator.ActiveCfg = Release|x86
		{CFF5AF81-38AD-4BFD-B1E8-BBFDF8600485}.Ad-Hoc|iPhoneSimulator.Build.0 = Release|x86
		{CFF5AF81-38AD-4BFD-B1E8-BBFDF8600485}.Ad-Hoc|iPhoneSimulator.Deploy.0 = Release|x86
		{CFF5AF81-38AD-4BFD-B1E8-BBFDF8600485}.Ad-Hoc|x64.ActiveCfg = Release|x64
		{CFF5AF81-38AD-4BFD-B1E8-BBFDF8600485}.Ad-Hoc|x64.Build.0 = Release|x64
		{CFF5AF81-38AD-4BFD-B1E8-BBFDF8600485}.Ad-Hoc|x64.Deploy.0 = Release|x64
		{CFF5AF81-38AD-4BFD-B1E8-BBFDF8600485}.Ad-Hoc|x86.ActiveCfg = Release|x86
		{CFF5AF81-38AD-4BFD-B1E8-BBFDF8600485}.Ad-Hoc|x86.Build.0 = Release|x86
		{CFF5AF81-38AD-4BFD-B1E8-BBFDF8600485}.Ad-Hoc|x86.Deploy.0 = Release|x86
		{CFF5AF81-38AD-4BFD-B1E8-BBFDF8600485}.AppStore|Any CPU.ActiveCfg = Release|x86
		{CFF5AF81-38AD-4BFD-B1E8-BBFDF8600485}.AppStore|Any CPU.Build.0 = Release|x86
		{CFF5AF81-38AD-4BFD-B1E8-BBFDF8600485}.AppStore|Any CPU.Deploy.0 = Release|x86
		{CFF5AF81-38AD-4BFD-B1E8-BBFDF8600485}.AppStore|ARM.ActiveCfg = Release|ARM
		{CFF5AF81-38AD-4BFD-B1E8-BBFDF8600485}.AppStore|ARM.Build.0 = Release|ARM
		{CFF5AF81-38AD-4BFD-B1E8-BBFDF8600485}.AppStore|ARM.Deploy.0 = Release|ARM
		{CFF5AF81-38AD-4BFD-B1E8-BBFDF8600485}.AppStore|iPhone.ActiveCfg = Release|x86
		{CFF5AF81-38AD-4BFD-B1E8-BBFDF8600485}.AppStore|iPhone.Build.0 = Release|x86
		{CFF5AF81-38AD-4BFD-B1E8-BBFDF8600485}.AppStore|iPhone.Deploy.0 = Release|x86
		{CFF5AF81-38AD-4BFD-B1E8-BBFDF8600485}.AppStore|iPhoneSimulator.ActiveCfg = Release|x86
		{CFF5AF81-38AD-4BFD-B1E8-BBFDF8600485}.AppStore|iPhoneSimulator.Build.0 = Release|x86
		{CFF5AF81-38AD-4BFD-B1E8-BBFDF8600485}.AppStore|iPhoneSimulator.Deploy.0 = Release|x86
		{CFF5AF81-38AD-4BFD-B1E8-BBFDF8600485}.AppStore|x64.ActiveCfg = Release|x64
		{CFF5AF81-38AD-4BFD-B1E8-BBFDF8600485}.AppStore|x64.Build.0 = Release|x64
		{CFF5AF81-38AD-4BFD-B1E8-BBFDF8600485}.AppStore|x64.Deploy.0 = Release|x64
		{CFF5AF81-38AD-4BFD-B1E8-BBFDF8600485}.AppStore|x86.ActiveCfg = Release|x86
		{CFF5AF81-38AD-4BFD-B1E8-BBFDF8600485}.AppStore|x86.Build.0 = Release|x86
		{CFF5AF81-38AD-4BFD-B1E8-BBFDF8600485}.AppStore|x86.Deploy.0 = Release|x86
		{CFF5AF81-38AD-4BFD-B1E8-BBFDF8600485}.Debug|Any CPU.ActiveCfg = Debug|x86
		{CFF5AF81-38AD-4BFD-B1E8-BBFDF8600485}.Debug|Any CPU.Build.0 = Debug|x86
		{CFF5AF81-38AD-4BFD-B1E8-BBFDF8600485}.Debug|ARM.ActiveCfg = Debug|ARM
		{CFF5AF81-38AD-4BFD-B1E8-BBFDF8600485}.Debug|ARM.Build.0 = Debug|ARM
		{CFF5AF81-38AD-4BFD-B1E8-BBFDF8600485}.Debug|ARM.Deploy.0 = Debug|ARM
		{CFF5AF81-38AD-4BFD-B1E8-BBFDF8600485}.Debug|iPhone.ActiveCfg = Debug|x86
		{CFF5AF81-38AD-4BFD-B1E8-BBFDF8600485}.Debug|iPhoneSimulator.ActiveCfg = Debug|x86
		{CFF5AF81-38AD-4BFD-B1E8-BBFDF8600485}.Debug|x64.ActiveCfg = Debug|x64
		{CFF5AF81-38AD-4BFD-B1E8-BBFDF8600485}.Debug|x64.Build.0 = Debug|x64
		{CFF5AF81-38AD-4BFD-B1E8-BBFDF8600485}.Debug|x64.Deploy.0 = Debug|x64
		{CFF5AF81-38AD-4BFD-B1E8-BBFDF8600485}.Debug|x86.ActiveCfg = Debug|x86
		{CFF5AF81-38AD-4BFD-B1E8-BBFDF8600485}.Debug|x86.Build.0 = Debug|x86
		{CFF5AF81-38AD-4BFD-B1E8-BBFDF8600485}.Debug|x86.Deploy.0 = Debug|x86
		{CFF5AF81-38AD-4BFD-B1E8-BBFDF8600485}.Release|Any CPU.ActiveCfg = Release|x86
		{CFF5AF81-38AD-4BFD-B1E8-BBFDF8600485}.Release|ARM.ActiveCfg = Release|ARM
		{CFF5AF81-38AD-4BFD-B1E8-BBFDF8600485}.Release|ARM.Build.0 = Release|ARM
		{CFF5AF81-38AD-4BFD-B1E8-BBFDF8600485}.Release|ARM.Deploy.0 = Release|ARM
		{CFF5AF81-38AD-4BFD-B1E8-BBFDF8600485}.Release|iPhone.ActiveCfg = Release|x86
		{CFF5AF81-38AD-4BFD-B1E8-BBFDF8600485}.Release|iPhoneSimulator.ActiveCfg = Release|x86
		{CFF5AF81-38AD-4BFD-B1E8-BBFDF8600485}.Release|x64.ActiveCfg = Release|x64
		{CFF5AF81-38AD-4BFD-B1E8-BBFDF8600485}.Release|x64.Build.0 = Release|x64
		{CFF5AF81-38AD-4BFD-B1E8-BBFDF8600485}.Release|x64.Deploy.0 = Release|x64
		{CFF5AF81-38AD-4BFD-B1E8-BBFDF8600485}.Release|x86.ActiveCfg = Release|x86
		{CFF5AF81-38AD-4BFD-B1E8-BBFDF8600485}.Release|x86.Build.0 = Release|x86
		{CFF5AF81-38AD-4BFD-B1E8-BBFDF8600485}.Release|x86.Deploy.0 = Release|x86
		{2C717571-C8C3-4164-B800-FD0EAAB748BE}.Ad-Hoc|Any CPU.ActiveCfg = Ad-Hoc|iPhoneSimulator
		{2C717571-C8C3-4164-B800-FD0EAAB748BE}.Ad-Hoc|ARM.ActiveCfg = Ad-Hoc|iPhone
		{2C717571-C8C3-4164-B800-FD0EAAB748BE}.Ad-Hoc|iPhone.ActiveCfg = Ad-Hoc|iPhone
		{2C717571-C8C3-4164-B800-FD0EAAB748BE}.Ad-Hoc|iPhone.Build.0 = Ad-Hoc|iPhone
		{2C717571-C8C3-4164-B800-FD0EAAB748BE}.Ad-Hoc|iPhoneSimulator.ActiveCfg = Ad-Hoc|iPhoneSimulator
		{2C717571-C8C3-4164-B800-FD0EAAB748BE}.Ad-Hoc|iPhoneSimulator.Build.0 = Ad-Hoc|iPhoneSimulator
		{2C717571-C8C3-4164-B800-FD0EAAB748BE}.Ad-Hoc|x64.ActiveCfg = Ad-Hoc|iPhone
		{2C717571-C8C3-4164-B800-FD0EAAB748BE}.Ad-Hoc|x86.ActiveCfg = Ad-Hoc|iPhone
		{2C717571-C8C3-4164-B800-FD0EAAB748BE}.AppStore|Any CPU.ActiveCfg = AppStore|iPhoneSimulator
		{2C717571-C8C3-4164-B800-FD0EAAB748BE}.AppStore|ARM.ActiveCfg = AppStore|iPhone
		{2C717571-C8C3-4164-B800-FD0EAAB748BE}.AppStore|iPhone.ActiveCfg = AppStore|iPhone
		{2C717571-C8C3-4164-B800-FD0EAAB748BE}.AppStore|iPhone.Build.0 = AppStore|iPhone
		{2C717571-C8C3-4164-B800-FD0EAAB748BE}.AppStore|iPhoneSimulator.ActiveCfg = AppStore|iPhoneSimulator
		{2C717571-C8C3-4164-B800-FD0EAAB748BE}.AppStore|iPhoneSimulator.Build.0 = AppStore|iPhoneSimulator
		{2C717571-C8C3-4164-B800-FD0EAAB748BE}.AppStore|x64.ActiveCfg = AppStore|iPhone
		{2C717571-C8C3-4164-B800-FD0EAAB748BE}.AppStore|x86.ActiveCfg = AppStore|iPhone
		{2C717571-C8C3-4164-B800-FD0EAAB748BE}.Debug|Any CPU.ActiveCfg = Debug|iPhoneSimulator
		{2C717571-C8C3-4164-B800-FD0EAAB748BE}.Debug|Any CPU.Build.0 = Debug|iPhoneSimulator
		{2C717571-C8C3-4164-B800-FD0EAAB748BE}.Debug|ARM.ActiveCfg = Debug|iPhone
		{2C717571-C8C3-4164-B800-FD0EAAB748BE}.Debug|iPhone.ActiveCfg = Debug|iPhone
		{2C717571-C8C3-4164-B800-FD0EAAB748BE}.Debug|iPhone.Build.0 = Debug|iPhone
		{2C717571-C8C3-4164-B800-FD0EAAB748BE}.Debug|iPhoneSimulator.ActiveCfg = Debug|iPhoneSimulator
		{2C717571-C8C3-4164-B800-FD0EAAB748BE}.Debug|iPhoneSimulator.Build.0 = Debug|iPhoneSimulator
		{2C717571-C8C3-4164-B800-FD0EAAB748BE}.Debug|x64.ActiveCfg = Debug|iPhone
		{2C717571-C8C3-4164-B800-FD0EAAB748BE}.Debug|x86.ActiveCfg = Debug|iPhone
		{2C717571-C8C3-4164-B800-FD0EAAB748BE}.Release|Any CPU.ActiveCfg = Release|iPhoneSimulator
		{2C717571-C8C3-4164-B800-FD0EAAB748BE}.Release|ARM.ActiveCfg = Release|iPhone
		{2C717571-C8C3-4164-B800-FD0EAAB748BE}.Release|iPhone.ActiveCfg = Release|iPhone
		{2C717571-C8C3-4164-B800-FD0EAAB748BE}.Release|iPhone.Build.0 = Release|iPhone
		{2C717571-C8C3-4164-B800-FD0EAAB748BE}.Release|iPhoneSimulator.ActiveCfg = Release|iPhoneSimulator
		{2C717571-C8C3-4164-B800-FD0EAAB748BE}.Release|iPhoneSimulator.Build.0 = Release|iPhoneSimulator
		{2C717571-C8C3-4164-B800-FD0EAAB748BE}.Release|x64.ActiveCfg = Release|iPhone
		{2C717571-C8C3-4164-B800-FD0EAAB748BE}.Release|x86.ActiveCfg = Release|iPhone
	EndGlobalSection
	GlobalSection(SolutionProperties) = preSolution
		HideSolutionNode = FALSE
	EndGlobalSection
	GlobalSection(ExtensibilityGlobals) = postSolution
		SolutionGuid = {E505BE2A-A7F3-4D49-9098-A662E46BB6DE}
	EndGlobalSection
EndGlobal
