
Microsoft Visual Studio Solution File, Format Version 12.00
# Visual Studio 15
VisualStudioVersion = 15.0.27004.2006
MinimumVisualStudioVersion = 10.0.40219.1
Project("{FAE04EC0-301F-11D3-BF4B-00C04F79EFBC}") = "AppPortable.Android", "AppPortable\AppPortable.Android\AppPortable.Android.csproj", "{3364F677-4ED0-45B6-8A7C-2D95FF6D8C90}"
EndProject
Project("{FAE04EC0-301F-11D3-BF4B-00C04F79EFBC}") = "AppPortable", "AppPortable\AppPortable\AppPortable.csproj", "{224B9885-FF54-4C8D-B78A-EDCDF9DAA9B6}"
EndProject
Project("{FAE04EC0-301F-11D3-BF4B-00C04F79EFBC}") = "AppPortable.UWP", "AppPortable\AppPortable.UWP\AppPortable.UWP.csproj", "{123A91AC-F794-4351-9FA9-9ED66A13EDEC}"
EndProject
Project("{FAE04EC0-301F-11D3-BF4B-00C04F79EFBC}") = "AppPortable.iOS", "AppPortable\AppPortable.iOS\AppPortable.iOS.csproj", "{16516609-8BD9-4071-9ACC-EB67C9C8CE3A}"
EndProject
Global
	GlobalSection(SolutionConfigurationPlatforms) = preSolution
		Ad-Hoc|Any CPU = Ad-Hoc|Any CPU
		Ad-Hoc|ARM = Ad-Hoc|ARM
		Ad-Hoc|iPhone = Ad-Hoc|iPhone
		Ad-Hoc|iPhoneSimulator = Ad-Hoc|iPhoneSimulator
		Ad-Hoc|x64 = Ad-Hoc|x64
		Ad-Hoc|x86 = Ad-Hoc|x86
		AppStore|Any CPU = AppStore|Any CPU
		AppStore|ARM = AppStore|ARM
		AppStore|iPhone = AppStore|iPhone
		AppStore|iPhoneSimulator = AppStore|iPhoneSimulator
		AppStore|x64 = AppStore|x64
		AppStore|x86 = AppStore|x86
		Debug|Any CPU = Debug|Any CPU
		Debug|ARM = Debug|ARM
		Debug|iPhone = Debug|iPhone
		Debug|iPhoneSimulator = Debug|iPhoneSimulator
		Debug|x64 = Debug|x64
		Debug|x86 = Debug|x86
		Release|Any CPU = Release|Any CPU
		Release|ARM = Release|ARM
		Release|iPhone = Release|iPhone
		Release|iPhoneSimulator = Release|iPhoneSimulator
		Release|x64 = Release|x64
		Release|x86 = Release|x86
	EndGlobalSection
	GlobalSection(ProjectConfigurationPlatforms) = postSolution
		{3364F677-4ED0-45B6-8A7C-2D95FF6D8C90}.Ad-Hoc|Any CPU.ActiveCfg = Release|Any CPU
		{3364F677-4ED0-45B6-8A7C-2D95FF6D8C90}.Ad-Hoc|Any CPU.Build.0 = Release|Any CPU
		{3364F677-4ED0-45B6-8A7C-2D95FF6D8C90}.Ad-Hoc|Any CPU.Deploy.0 = Release|Any CPU
		{3364F677-4ED0-45B6-8A7C-2D95FF6D8C90}.Ad-Hoc|ARM.ActiveCfg = Release|Any CPU
		{3364F677-4ED0-45B6-8A7C-2D95FF6D8C90}.Ad-Hoc|ARM.Build.0 = Release|Any CPU
		{3364F677-4ED0-45B6-8A7C-2D95FF6D8C90}.Ad-Hoc|ARM.Deploy.0 = Release|Any CPU
		{3364F677-4ED0-45B6-8A7C-2D95FF6D8C90}.Ad-Hoc|iPhone.ActiveCfg = Release|Any CPU
		{3364F677-4ED0-45B6-8A7C-2D95FF6D8C90}.Ad-Hoc|iPhone.Build.0 = Release|Any CPU
		{3364F677-4ED0-45B6-8A7C-2D95FF6D8C90}.Ad-Hoc|iPhone.Deploy.0 = Release|Any CPU
		{3364F677-4ED0-45B6-8A7C-2D95FF6D8C90}.Ad-Hoc|iPhoneSimulator.ActiveCfg = Release|Any CPU
		{3364F677-4ED0-45B6-8A7C-2D95FF6D8C90}.Ad-Hoc|iPhoneSimulator.Build.0 = Release|Any CPU
		{3364F677-4ED0-45B6-8A7C-2D95FF6D8C90}.Ad-Hoc|iPhoneSimulator.Deploy.0 = Release|Any CPU
		{3364F677-4ED0-45B6-8A7C-2D95FF6D8C90}.Ad-Hoc|x64.ActiveCfg = Release|Any CPU
		{3364F677-4ED0-45B6-8A7C-2D95FF6D8C90}.Ad-Hoc|x64.Build.0 = Release|Any CPU
		{3364F677-4ED0-45B6-8A7C-2D95FF6D8C90}.Ad-Hoc|x64.Deploy.0 = Release|Any CPU
		{3364F677-4ED0-45B6-8A7C-2D95FF6D8C90}.Ad-Hoc|x86.ActiveCfg = Release|Any CPU
		{3364F677-4ED0-45B6-8A7C-2D95FF6D8C90}.Ad-Hoc|x86.Build.0 = Release|Any CPU
		{3364F677-4ED0-45B6-8A7C-2D95FF6D8C90}.Ad-Hoc|x86.Deploy.0 = Release|Any CPU
		{3364F677-4ED0-45B6-8A7C-2D95FF6D8C90}.AppStore|Any CPU.ActiveCfg = Release|Any CPU
		{3364F677-4ED0-45B6-8A7C-2D95FF6D8C90}.AppStore|Any CPU.Build.0 = Release|Any CPU
		{3364F677-4ED0-45B6-8A7C-2D95FF6D8C90}.AppStore|Any CPU.Deploy.0 = Release|Any CPU
		{3364F677-4ED0-45B6-8A7C-2D95FF6D8C90}.AppStore|ARM.ActiveCfg = Release|Any CPU
		{3364F677-4ED0-45B6-8A7C-2D95FF6D8C90}.AppStore|ARM.Build.0 = Release|Any CPU
		{3364F677-4ED0-45B6-8A7C-2D95FF6D8C90}.AppStore|ARM.Deploy.0 = Release|Any CPU
		{3364F677-4ED0-45B6-8A7C-2D95FF6D8C90}.AppStore|iPhone.ActiveCfg = Release|Any CPU
		{3364F677-4ED0-45B6-8A7C-2D95FF6D8C90}.AppStore|iPhone.Build.0 = Release|Any CPU
		{3364F677-4ED0-45B6-8A7C-2D95FF6D8C90}.AppStore|iPhone.Deploy.0 = Release|Any CPU
		{3364F677-4ED0-45B6-8A7C-2D95FF6D8C90}.AppStore|iPhoneSimulator.ActiveCfg = Release|Any CPU
		{3364F677-4ED0-45B6-8A7C-2D95FF6D8C90}.AppStore|iPhoneSimulator.Build.0 = Release|Any CPU
		{3364F677-4ED0-45B6-8A7C-2D95FF6D8C90}.AppStore|iPhoneSimulator.Deploy.0 = Release|Any CPU
		{3364F677-4ED0-45B6-8A7C-2D95FF6D8C90}.AppStore|x64.ActiveCfg = Release|Any CPU
		{3364F677-4ED0-45B6-8A7C-2D95FF6D8C90}.AppStore|x64.Build.0 = Release|Any CPU
		{3364F677-4ED0-45B6-8A7C-2D95FF6D8C90}.AppStore|x64.Deploy.0 = Release|Any CPU
		{3364F677-4ED0-45B6-8A7C-2D95FF6D8C90}.AppStore|x86.ActiveCfg = Release|Any CPU
		{3364F677-4ED0-45B6-8A7C-2D95FF6D8C90}.AppStore|x86.Build.0 = Release|Any CPU
		{3364F677-4ED0-45B6-8A7C-2D95FF6D8C90}.AppStore|x86.Deploy.0 = Release|Any CPU
		{3364F677-4ED0-45B6-8A7C-2D95FF6D8C90}.Debug|Any CPU.ActiveCfg = Debug|Any CPU
		{3364F677-4ED0-45B6-8A7C-2D95FF6D8C90}.Debug|Any CPU.Build.0 = Debug|Any CPU
		{3364F677-4ED0-45B6-8A7C-2D95FF6D8C90}.Debug|Any CPU.Deploy.0 = Debug|Any CPU
		{3364F677-4ED0-45B6-8A7C-2D95FF6D8C90}.Debug|ARM.ActiveCfg = Debug|Any CPU
		{3364F677-4ED0-45B6-8A7C-2D95FF6D8C90}.Debug|ARM.Build.0 = Debug|Any CPU
		{3364F677-4ED0-45B6-8A7C-2D95FF6D8C90}.Debug|ARM.Deploy.0 = Debug|Any CPU
		{3364F677-4ED0-45B6-8A7C-2D95FF6D8C90}.Debug|iPhone.ActiveCfg = Debug|Any CPU
		{3364F677-4ED0-45B6-8A7C-2D95FF6D8C90}.Debug|iPhone.Build.0 = Debug|Any CPU
		{3364F677-4ED0-45B6-8A7C-2D95FF6D8C90}.Debug|iPhone.Deploy.0 = Debug|Any CPU
		{3364F677-4ED0-45B6-8A7C-2D95FF6D8C90}.Debug|iPhoneSimulator.ActiveCfg = Debug|Any CPU
		{3364F677-4ED0-45B6-8A7C-2D95FF6D8C90}.Debug|iPhoneSimulator.Build.0 = Debug|Any CPU
		{3364F677-4ED0-45B6-8A7C-2D95FF6D8C90}.Debug|iPhoneSimulator.Deploy.0 = Debug|Any CPU
		{3364F677-4ED0-45B6-8A7C-2D95FF6D8C90}.Debug|x64.ActiveCfg = Debug|Any CPU
		{3364F677-4ED0-45B6-8A7C-2D95FF6D8C90}.Debug|x64.Build.0 = Debug|Any CPU
		{3364F677-4ED0-45B6-8A7C-2D95FF6D8C90}.Debug|x64.Deploy.0 = Debug|Any CPU
		{3364F677-4ED0-45B6-8A7C-2D95FF6D8C90}.Debug|x86.ActiveCfg = Debug|Any CPU
		{3364F677-4ED0-45B6-8A7C-2D95FF6D8C90}.Debug|x86.Build.0 = Debug|Any CPU
		{3364F677-4ED0-45B6-8A7C-2D95FF6D8C90}.Debug|x86.Deploy.0 = Debug|Any CPU
		{3364F677-4ED0-45B6-8A7C-2D95FF6D8C90}.Release|Any CPU.ActiveCfg = Release|Any CPU
		{3364F677-4ED0-45B6-8A7C-2D95FF6D8C90}.Release|Any CPU.Build.0 = Release|Any CPU
		{3364F677-4ED0-45B6-8A7C-2D95FF6D8C90}.Release|Any CPU.Deploy.0 = Release|Any CPU
		{3364F677-4ED0-45B6-8A7C-2D95FF6D8C90}.Release|ARM.ActiveCfg = Release|Any CPU
		{3364F677-4ED0-45B6-8A7C-2D95FF6D8C90}.Release|ARM.Build.0 = Release|Any CPU
		{3364F677-4ED0-45B6-8A7C-2D95FF6D8C90}.Release|ARM.Deploy.0 = Release|Any CPU
		{3364F677-4ED0-45B6-8A7C-2D95FF6D8C90}.Release|iPhone.ActiveCfg = Release|Any CPU
		{3364F677-4ED0-45B6-8A7C-2D95FF6D8C90}.Release|iPhone.Build.0 = Release|Any CPU
		{3364F677-4ED0-45B6-8A7C-2D95FF6D8C90}.Release|iPhone.Deploy.0 = Release|Any CPU
		{3364F677-4ED0-45B6-8A7C-2D95FF6D8C90}.Release|iPhoneSimulator.ActiveCfg = Release|Any CPU
		{3364F677-4ED0-45B6-8A7C-2D95FF6D8C90}.Release|iPhoneSimulator.Build.0 = Release|Any CPU
		{3364F677-4ED0-45B6-8A7C-2D95FF6D8C90}.Release|iPhoneSimulator.Deploy.0 = Release|Any CPU
		{3364F677-4ED0-45B6-8A7C-2D95FF6D8C90}.Release|x64.ActiveCfg = Release|Any CPU
		{3364F677-4ED0-45B6-8A7C-2D95FF6D8C90}.Release|x64.Build.0 = Release|Any CPU
		{3364F677-4ED0-45B6-8A7C-2D95FF6D8C90}.Release|x64.Deploy.0 = Release|Any CPU
		{3364F677-4ED0-45B6-8A7C-2D95FF6D8C90}.Release|x86.ActiveCfg = Release|Any CPU
		{3364F677-4ED0-45B6-8A7C-2D95FF6D8C90}.Release|x86.Build.0 = Release|Any CPU
		{3364F677-4ED0-45B6-8A7C-2D95FF6D8C90}.Release|x86.Deploy.0 = Release|Any CPU
		{224B9885-FF54-4C8D-B78A-EDCDF9DAA9B6}.Ad-Hoc|Any CPU.ActiveCfg = Release|Any CPU
		{224B9885-FF54-4C8D-B78A-EDCDF9DAA9B6}.Ad-Hoc|Any CPU.Build.0 = Release|Any CPU
		{224B9885-FF54-4C8D-B78A-EDCDF9DAA9B6}.Ad-Hoc|ARM.ActiveCfg = Release|Any CPU
		{224B9885-FF54-4C8D-B78A-EDCDF9DAA9B6}.Ad-Hoc|ARM.Build.0 = Release|Any CPU
		{224B9885-FF54-4C8D-B78A-EDCDF9DAA9B6}.Ad-Hoc|iPhone.ActiveCfg = Release|Any CPU
		{224B9885-FF54-4C8D-B78A-EDCDF9DAA9B6}.Ad-Hoc|iPhone.Build.0 = Release|Any CPU
		{224B9885-FF54-4C8D-B78A-EDCDF9DAA9B6}.Ad-Hoc|iPhoneSimulator.ActiveCfg = Release|Any CPU
		{224B9885-FF54-4C8D-B78A-EDCDF9DAA9B6}.Ad-Hoc|iPhoneSimulator.Build.0 = Release|Any CPU
		{224B9885-FF54-4C8D-B78A-EDCDF9DAA9B6}.Ad-Hoc|x64.ActiveCfg = Release|Any CPU
		{224B9885-FF54-4C8D-B78A-EDCDF9DAA9B6}.Ad-Hoc|x64.Build.0 = Release|Any CPU
		{224B9885-FF54-4C8D-B78A-EDCDF9DAA9B6}.Ad-Hoc|x86.ActiveCfg = Release|Any CPU
		{224B9885-FF54-4C8D-B78A-EDCDF9DAA9B6}.Ad-Hoc|x86.Build.0 = Release|Any CPU
		{224B9885-FF54-4C8D-B78A-EDCDF9DAA9B6}.AppStore|Any CPU.ActiveCfg = Release|Any CPU
		{224B9885-FF54-4C8D-B78A-EDCDF9DAA9B6}.AppStore|Any CPU.Build.0 = Release|Any CPU
		{224B9885-FF54-4C8D-B78A-EDCDF9DAA9B6}.AppStore|ARM.ActiveCfg = Release|Any CPU
		{224B9885-FF54-4C8D-B78A-EDCDF9DAA9B6}.AppStore|ARM.Build.0 = Release|Any CPU
		{224B9885-FF54-4C8D-B78A-EDCDF9DAA9B6}.AppStore|iPhone.ActiveCfg = Release|Any CPU
		{224B9885-FF54-4C8D-B78A-EDCDF9DAA9B6}.AppStore|iPhone.Build.0 = Release|Any CPU
		{224B9885-FF54-4C8D-B78A-EDCDF9DAA9B6}.AppStore|iPhoneSimulator.ActiveCfg = Release|Any CPU
		{224B9885-FF54-4C8D-B78A-EDCDF9DAA9B6}.AppStore|iPhoneSimulator.Build.0 = Release|Any CPU
		{224B9885-FF54-4C8D-B78A-EDCDF9DAA9B6}.AppStore|x64.ActiveCfg = Release|Any CPU
		{224B9885-FF54-4C8D-B78A-EDCDF9DAA9B6}.AppStore|x64.Build.0 = Release|Any CPU
		{224B9885-FF54-4C8D-B78A-EDCDF9DAA9B6}.AppStore|x86.ActiveCfg = Release|Any CPU
		{224B9885-FF54-4C8D-B78A-EDCDF9DAA9B6}.AppStore|x86.Build.0 = Release|Any CPU
		{224B9885-FF54-4C8D-B78A-EDCDF9DAA9B6}.Debug|Any CPU.ActiveCfg = Debug|Any CPU
		{224B9885-FF54-4C8D-B78A-EDCDF9DAA9B6}.Debug|Any CPU.Build.0 = Debug|Any CPU
		{224B9885-FF54-4C8D-B78A-EDCDF9DAA9B6}.Debug|ARM.ActiveCfg = Debug|Any CPU
		{224B9885-FF54-4C8D-B78A-EDCDF9DAA9B6}.Debug|ARM.Build.0 = Debug|Any CPU
		{224B9885-FF54-4C8D-B78A-EDCDF9DAA9B6}.Debug|iPhone.ActiveCfg = Debug|Any CPU
		{224B9885-FF54-4C8D-B78A-EDCDF9DAA9B6}.Debug|iPhone.Build.0 = Debug|Any CPU
		{224B9885-FF54-4C8D-B78A-EDCDF9DAA9B6}.Debug|iPhoneSimulator.ActiveCfg = Debug|Any CPU
		{224B9885-FF54-4C8D-B78A-EDCDF9DAA9B6}.Debug|iPhoneSimulator.Build.0 = Debug|Any CPU
		{224B9885-FF54-4C8D-B78A-EDCDF9DAA9B6}.Debug|x64.ActiveCfg = Debug|Any CPU
		{224B9885-FF54-4C8D-B78A-EDCDF9DAA9B6}.Debug|x64.Build.0 = Debug|Any CPU
		{224B9885-FF54-4C8D-B78A-EDCDF9DAA9B6}.Debug|x86.ActiveCfg = Debug|Any CPU
		{224B9885-FF54-4C8D-B78A-EDCDF9DAA9B6}.Debug|x86.Build.0 = Debug|Any CPU
		{224B9885-FF54-4C8D-B78A-EDCDF9DAA9B6}.Release|Any CPU.ActiveCfg = Release|Any CPU
		{224B9885-FF54-4C8D-B78A-EDCDF9DAA9B6}.Release|Any CPU.Build.0 = Release|Any CPU
		{224B9885-FF54-4C8D-B78A-EDCDF9DAA9B6}.Release|ARM.ActiveCfg = Release|Any CPU
		{224B9885-FF54-4C8D-B78A-EDCDF9DAA9B6}.Release|ARM.Build.0 = Release|Any CPU
		{224B9885-FF54-4C8D-B78A-EDCDF9DAA9B6}.Release|iPhone.ActiveCfg = Release|Any CPU
		{224B9885-FF54-4C8D-B78A-EDCDF9DAA9B6}.Release|iPhone.Build.0 = Release|Any CPU
		{224B9885-FF54-4C8D-B78A-EDCDF9DAA9B6}.Release|iPhoneSimulator.ActiveCfg = Release|Any CPU
		{224B9885-FF54-4C8D-B78A-EDCDF9DAA9B6}.Release|iPhoneSimulator.Build.0 = Release|Any CPU
		{224B9885-FF54-4C8D-B78A-EDCDF9DAA9B6}.Release|x64.ActiveCfg = Release|Any CPU
		{224B9885-FF54-4C8D-B78A-EDCDF9DAA9B6}.Release|x64.Build.0 = Release|Any CPU
		{224B9885-FF54-4C8D-B78A-EDCDF9DAA9B6}.Release|x86.ActiveCfg = Release|Any CPU
		{224B9885-FF54-4C8D-B78A-EDCDF9DAA9B6}.Release|x86.Build.0 = Release|Any CPU
		{123A91AC-F794-4351-9FA9-9ED66A13EDEC}.Ad-Hoc|Any CPU.ActiveCfg = Release|x86
		{123A91AC-F794-4351-9FA9-9ED66A13EDEC}.Ad-Hoc|Any CPU.Build.0 = Release|x86
		{123A91AC-F794-4351-9FA9-9ED66A13EDEC}.Ad-Hoc|Any CPU.Deploy.0 = Release|x86
		{123A91AC-F794-4351-9FA9-9ED66A13EDEC}.Ad-Hoc|ARM.ActiveCfg = Release|ARM
		{123A91AC-F794-4351-9FA9-9ED66A13EDEC}.Ad-Hoc|ARM.Build.0 = Release|ARM
		{123A91AC-F794-4351-9FA9-9ED66A13EDEC}.Ad-Hoc|ARM.Deploy.0 = Release|ARM
		{123A91AC-F794-4351-9FA9-9ED66A13EDEC}.Ad-Hoc|iPhone.ActiveCfg = Release|x86
		{123A91AC-F794-4351-9FA9-9ED66A13EDEC}.Ad-Hoc|iPhone.Build.0 = Release|x86
		{123A91AC-F794-4351-9FA9-9ED66A13EDEC}.Ad-Hoc|iPhone.Deploy.0 = Release|x86
		{123A91AC-F794-4351-9FA9-9ED66A13EDEC}.Ad-Hoc|iPhoneSimulator.ActiveCfg = Release|x86
		{123A91AC-F794-4351-9FA9-9ED66A13EDEC}.Ad-Hoc|iPhoneSimulator.Build.0 = Release|x86
		{123A91AC-F794-4351-9FA9-9ED66A13EDEC}.Ad-Hoc|iPhoneSimulator.Deploy.0 = Release|x86
		{123A91AC-F794-4351-9FA9-9ED66A13EDEC}.Ad-Hoc|x64.ActiveCfg = Release|x64
		{123A91AC-F794-4351-9FA9-9ED66A13EDEC}.Ad-Hoc|x64.Build.0 = Release|x64
		{123A91AC-F794-4351-9FA9-9ED66A13EDEC}.Ad-Hoc|x64.Deploy.0 = Release|x64
		{123A91AC-F794-4351-9FA9-9ED66A13EDEC}.Ad-Hoc|x86.ActiveCfg = Release|x86
		{123A91AC-F794-4351-9FA9-9ED66A13EDEC}.Ad-Hoc|x86.Build.0 = Release|x86
		{123A91AC-F794-4351-9FA9-9ED66A13EDEC}.Ad-Hoc|x86.Deploy.0 = Release|x86
		{123A91AC-F794-4351-9FA9-9ED66A13EDEC}.AppStore|Any CPU.ActiveCfg = Release|x86
		{123A91AC-F794-4351-9FA9-9ED66A13EDEC}.AppStore|Any CPU.Build.0 = Release|x86
		{123A91AC-F794-4351-9FA9-9ED66A13EDEC}.AppStore|Any CPU.Deploy.0 = Release|x86
		{123A91AC-F794-4351-9FA9-9ED66A13EDEC}.AppStore|ARM.ActiveCfg = Release|ARM
		{123A91AC-F794-4351-9FA9-9ED66A13EDEC}.AppStore|ARM.Build.0 = Release|ARM
		{123A91AC-F794-4351-9FA9-9ED66A13EDEC}.AppStore|ARM.Deploy.0 = Release|ARM
		{123A91AC-F794-4351-9FA9-9ED66A13EDEC}.AppStore|iPhone.ActiveCfg = Release|x86
		{123A91AC-F794-4351-9FA9-9ED66A13EDEC}.AppStore|iPhone.Build.0 = Release|x86
		{123A91AC-F794-4351-9FA9-9ED66A13EDEC}.AppStore|iPhone.Deploy.0 = Release|x86
		{123A91AC-F794-4351-9FA9-9ED66A13EDEC}.AppStore|iPhoneSimulator.ActiveCfg = Release|x86
		{123A91AC-F794-4351-9FA9-9ED66A13EDEC}.AppStore|iPhoneSimulator.Build.0 = Release|x86
		{123A91AC-F794-4351-9FA9-9ED66A13EDEC}.AppStore|iPhoneSimulator.Deploy.0 = Release|x86
		{123A91AC-F794-4351-9FA9-9ED66A13EDEC}.AppStore|x64.ActiveCfg = Release|x64
		{123A91AC-F794-4351-9FA9-9ED66A13EDEC}.AppStore|x64.Build.0 = Release|x64
		{123A91AC-F794-4351-9FA9-9ED66A13EDEC}.AppStore|x64.Deploy.0 = Release|x64
		{123A91AC-F794-4351-9FA9-9ED66A13EDEC}.AppStore|x86.ActiveCfg = Release|x86
		{123A91AC-F794-4351-9FA9-9ED66A13EDEC}.AppStore|x86.Build.0 = Release|x86
		{123A91AC-F794-4351-9FA9-9ED66A13EDEC}.AppStore|x86.Deploy.0 = Release|x86
		{123A91AC-F794-4351-9FA9-9ED66A13EDEC}.Debug|Any CPU.ActiveCfg = Debug|x64
		{123A91AC-F794-4351-9FA9-9ED66A13EDEC}.Debug|Any CPU.Build.0 = Debug|x64
		{123A91AC-F794-4351-9FA9-9ED66A13EDEC}.Debug|ARM.ActiveCfg = Debug|ARM
		{123A91AC-F794-4351-9FA9-9ED66A13EDEC}.Debug|ARM.Build.0 = Debug|ARM
		{123A91AC-F794-4351-9FA9-9ED66A13EDEC}.Debug|ARM.Deploy.0 = Debug|ARM
		{123A91AC-F794-4351-9FA9-9ED66A13EDEC}.Debug|iPhone.ActiveCfg = Debug|x86
		{123A91AC-F794-4351-9FA9-9ED66A13EDEC}.Debug|iPhoneSimulator.ActiveCfg = Debug|x86
		{123A91AC-F794-4351-9FA9-9ED66A13EDEC}.Debug|x64.ActiveCfg = Debug|x64
		{123A91AC-F794-4351-9FA9-9ED66A13EDEC}.Debug|x64.Build.0 = Debug|x64
		{123A91AC-F794-4351-9FA9-9ED66A13EDEC}.Debug|x64.Deploy.0 = Debug|x64
		{123A91AC-F794-4351-9FA9-9ED66A13EDEC}.Debug|x86.ActiveCfg = Debug|x86
		{123A91AC-F794-4351-9FA9-9ED66A13EDEC}.Debug|x86.Build.0 = Debug|x86
		{123A91AC-F794-4351-9FA9-9ED66A13EDEC}.Debug|x86.Deploy.0 = Debug|x86
		{123A91AC-F794-4351-9FA9-9ED66A13EDEC}.Release|Any CPU.ActiveCfg = Release|x86
		{123A91AC-F794-4351-9FA9-9ED66A13EDEC}.Release|ARM.ActiveCfg = Release|ARM
		{123A91AC-F794-4351-9FA9-9ED66A13EDEC}.Release|ARM.Build.0 = Release|ARM
		{123A91AC-F794-4351-9FA9-9ED66A13EDEC}.Release|ARM.Deploy.0 = Release|ARM
		{123A91AC-F794-4351-9FA9-9ED66A13EDEC}.Release|iPhone.ActiveCfg = Release|x86
		{123A91AC-F794-4351-9FA9-9ED66A13EDEC}.Release|iPhoneSimulator.ActiveCfg = Release|x86
		{123A91AC-F794-4351-9FA9-9ED66A13EDEC}.Release|x64.ActiveCfg = Release|x64
		{123A91AC-F794-4351-9FA9-9ED66A13EDEC}.Release|x64.Build.0 = Release|x64
		{123A91AC-F794-4351-9FA9-9ED66A13EDEC}.Release|x64.Deploy.0 = Release|x64
		{123A91AC-F794-4351-9FA9-9ED66A13EDEC}.Release|x86.ActiveCfg = Release|x86
		{123A91AC-F794-4351-9FA9-9ED66A13EDEC}.Release|x86.Build.0 = Release|x86
		{123A91AC-F794-4351-9FA9-9ED66A13EDEC}.Release|x86.Deploy.0 = Release|x86
		{16516609-8BD9-4071-9ACC-EB67C9C8CE3A}.Ad-Hoc|Any CPU.ActiveCfg = Ad-Hoc|iPhoneSimulator
		{16516609-8BD9-4071-9ACC-EB67C9C8CE3A}.Ad-Hoc|ARM.ActiveCfg = Ad-Hoc|iPhone
		{16516609-8BD9-4071-9ACC-EB67C9C8CE3A}.Ad-Hoc|iPhone.ActiveCfg = Ad-Hoc|iPhone
		{16516609-8BD9-4071-9ACC-EB67C9C8CE3A}.Ad-Hoc|iPhone.Build.0 = Ad-Hoc|iPhone
		{16516609-8BD9-4071-9ACC-EB67C9C8CE3A}.Ad-Hoc|iPhoneSimulator.ActiveCfg = Ad-Hoc|iPhoneSimulator
		{16516609-8BD9-4071-9ACC-EB67C9C8CE3A}.Ad-Hoc|iPhoneSimulator.Build.0 = Ad-Hoc|iPhoneSimulator
		{16516609-8BD9-4071-9ACC-EB67C9C8CE3A}.Ad-Hoc|x64.ActiveCfg = Ad-Hoc|iPhone
		{16516609-8BD9-4071-9ACC-EB67C9C8CE3A}.Ad-Hoc|x86.ActiveCfg = Ad-Hoc|iPhone
		{16516609-8BD9-4071-9ACC-EB67C9C8CE3A}.AppStore|Any CPU.ActiveCfg = AppStore|iPhoneSimulator
		{16516609-8BD9-4071-9ACC-EB67C9C8CE3A}.AppStore|ARM.ActiveCfg = AppStore|iPhone
		{16516609-8BD9-4071-9ACC-EB67C9C8CE3A}.AppStore|iPhone.ActiveCfg = AppStore|iPhone
		{16516609-8BD9-4071-9ACC-EB67C9C8CE3A}.AppStore|iPhone.Build.0 = AppStore|iPhone
		{16516609-8BD9-4071-9ACC-EB67C9C8CE3A}.AppStore|iPhoneSimulator.ActiveCfg = AppStore|iPhoneSimulator
		{16516609-8BD9-4071-9ACC-EB67C9C8CE3A}.AppStore|iPhoneSimulator.Build.0 = AppStore|iPhoneSimulator
		{16516609-8BD9-4071-9ACC-EB67C9C8CE3A}.AppStore|x64.ActiveCfg = AppStore|iPhone
		{16516609-8BD9-4071-9ACC-EB67C9C8CE3A}.AppStore|x86.ActiveCfg = AppStore|iPhone
		{16516609-8BD9-4071-9ACC-EB67C9C8CE3A}.Debug|Any CPU.ActiveCfg = Debug|iPhoneSimulator
		{16516609-8BD9-4071-9ACC-EB67C9C8CE3A}.Debug|Any CPU.Build.0 = Debug|iPhoneSimulator
		{16516609-8BD9-4071-9ACC-EB67C9C8CE3A}.Debug|ARM.ActiveCfg = Debug|iPhone
		{16516609-8BD9-4071-9ACC-EB67C9C8CE3A}.Debug|iPhone.ActiveCfg = Debug|iPhone
		{16516609-8BD9-4071-9ACC-EB67C9C8CE3A}.Debug|iPhone.Build.0 = Debug|iPhone
		{16516609-8BD9-4071-9ACC-EB67C9C8CE3A}.Debug|iPhoneSimulator.ActiveCfg = Debug|iPhoneSimulator
		{16516609-8BD9-4071-9ACC-EB67C9C8CE3A}.Debug|iPhoneSimulator.Build.0 = Debug|iPhoneSimulator
		{16516609-8BD9-4071-9ACC-EB67C9C8CE3A}.Debug|x64.ActiveCfg = Debug|iPhone
		{16516609-8BD9-4071-9ACC-EB67C9C8CE3A}.Debug|x86.ActiveCfg = Debug|iPhone
		{16516609-8BD9-4071-9ACC-EB67C9C8CE3A}.Release|Any CPU.ActiveCfg = Release|iPhoneSimulator
		{16516609-8BD9-4071-9ACC-EB67C9C8CE3A}.Release|ARM.ActiveCfg = Release|iPhone
		{16516609-8BD9-4071-9ACC-EB67C9C8CE3A}.Release|iPhone.ActiveCfg = Release|iPhone
		{16516609-8BD9-4071-9ACC-EB67C9C8CE3A}.Release|iPhone.Build.0 = Release|iPhone
		{16516609-8BD9-4071-9ACC-EB67C9C8CE3A}.Release|iPhoneSimulator.ActiveCfg = Release|iPhoneSimulator
		{16516609-8BD9-4071-9ACC-EB67C9C8CE3A}.Release|iPhoneSimulator.Build.0 = Release|iPhoneSimulator
		{16516609-8BD9-4071-9ACC-EB67C9C8CE3A}.Release|x64.ActiveCfg = Release|iPhone
		{16516609-8BD9-4071-9ACC-EB67C9C8CE3A}.Release|x86.ActiveCfg = Release|iPhone
	EndGlobalSection
	GlobalSection(SolutionProperties) = preSolution
		HideSolutionNode = FALSE
	EndGlobalSection
	GlobalSection(ExtensibilityGlobals) = postSolution
		SolutionGuid = {39E9C6CA-8770-49D7-B808-C623A19ABAD4}
	EndGlobalSection
EndGlobal
