
Microsoft Visual Studio Solution File, Format Version 12.00
# Visual Studio 15
VisualStudioVersion = 15.0.27004.2006
MinimumVisualStudioVersion = 10.0.40219.1
Project("{FAE04EC0-301F-11D3-BF4B-00C04F79EFBC}") = "DemoAndroid", "DemoAndroid\DemoAndroid.csproj", "{DE85E147-AE3D-4BDF-BAAD-6093E45C7252}"
EndProject
Global
	GlobalSection(SolutionConfigurationPlatforms) = preSolution
		Debug|Any CPU = Debug|Any CPU
		Release|Any CPU = Release|Any CPU
	EndGlobalSection
	GlobalSection(ProjectConfigurationPlatforms) = postSolution
		{DE85E147-AE3D-4BDF-BAAD-6093E45C7252}.Debug|Any CPU.ActiveCfg = Debug|Any CPU
		{DE85E147-AE3D-4BDF-BAAD-6093E45C7252}.Debug|Any CPU.Build.0 = Debug|Any CPU
		{DE85E147-AE3D-4BDF-BAAD-6093E45C7252}.Debug|Any CPU.Deploy.0 = Debug|Any CPU
		{DE85E147-AE3D-4BDF-BAAD-6093E45C7252}.Release|Any CPU.ActiveCfg = Release|Any CPU
		{DE85E147-AE3D-4BDF-BAAD-6093E45C7252}.Release|Any CPU.Build.0 = Release|Any CPU
		{DE85E147-AE3D-4BDF-BAAD-6093E45C7252}.Release|Any CPU.Deploy.0 = Release|Any CPU
	EndGlobalSection
	GlobalSection(SolutionProperties) = preSolution
		HideSolutionNode = FALSE
	EndGlobalSection
	GlobalSection(ExtensibilityGlobals) = postSolution
		SolutionGuid = {1E402460-D115-4105-8A74-6BA4B12FEF7B}
	EndGlobalSection
EndGlobal
