
Microsoft Visual Studio Solution File, Format Version 12.00
# Visual Studio 15
VisualStudioVersion = 15.0.27004.2009
MinimumVisualStudioVersion = 10.0.40219.1
Project("{FAE04EC0-301F-11D3-BF4B-00C04F79EFBC}") = "EjercicioControles", "EjercicioControles\EjercicioControles.csproj", "{9BA6883D-4C0F-46DC-8590-3899FD2CCFFB}"
EndProject
Global
	GlobalSection(SolutionConfigurationPlatforms) = preSolution
		Ad-Hoc|iPhone = Ad-Hoc|iPhone
		Ad-Hoc|iPhoneSimulator = Ad-Hoc|iPhoneSimulator
		AppStore|iPhone = AppStore|iPhone
		AppStore|iPhoneSimulator = AppStore|iPhoneSimulator
		Debug|iPhone = Debug|iPhone
		Debug|iPhoneSimulator = Debug|iPhoneSimulator
		Release|iPhone = Release|iPhone
		Release|iPhoneSimulator = Release|iPhoneSimulator
	EndGlobalSection
	GlobalSection(ProjectConfigurationPlatforms) = postSolution
		{9BA6883D-4C0F-46DC-8590-3899FD2CCFFB}.Ad-Hoc|iPhone.ActiveCfg = Ad-Hoc|iPhone
		{9BA6883D-4C0F-46DC-8590-3899FD2CCFFB}.Ad-Hoc|iPhone.Build.0 = Ad-Hoc|iPhone
		{9BA6883D-4C0F-46DC-8590-3899FD2CCFFB}.Ad-Hoc|iPhoneSimulator.ActiveCfg = Ad-Hoc|iPhoneSimulator
		{9BA6883D-4C0F-46DC-8590-3899FD2CCFFB}.Ad-Hoc|iPhoneSimulator.Build.0 = Ad-Hoc|iPhoneSimulator
		{9BA6883D-4C0F-46DC-8590-3899FD2CCFFB}.AppStore|iPhone.ActiveCfg = AppStore|iPhone
		{9BA6883D-4C0F-46DC-8590-3899FD2CCFFB}.AppStore|iPhone.Build.0 = AppStore|iPhone
		{9BA6883D-4C0F-46DC-8590-3899FD2CCFFB}.AppStore|iPhoneSimulator.ActiveCfg = AppStore|iPhoneSimulator
		{9BA6883D-4C0F-46DC-8590-3899FD2CCFFB}.AppStore|iPhoneSimulator.Build.0 = AppStore|iPhoneSimulator
		{9BA6883D-4C0F-46DC-8590-3899FD2CCFFB}.Debug|iPhone.ActiveCfg = Debug|iPhone
		{9BA6883D-4C0F-46DC-8590-3899FD2CCFFB}.Debug|iPhone.Build.0 = Debug|iPhone
		{9BA6883D-4C0F-46DC-8590-3899FD2CCFFB}.Debug|iPhoneSimulator.ActiveCfg = Debug|iPhoneSimulator
		{9BA6883D-4C0F-46DC-8590-3899FD2CCFFB}.Debug|iPhoneSimulator.Build.0 = Debug|iPhoneSimulator
		{9BA6883D-4C0F-46DC-8590-3899FD2CCFFB}.Release|iPhone.ActiveCfg = Release|iPhone
		{9BA6883D-4C0F-46DC-8590-3899FD2CCFFB}.Release|iPhone.Build.0 = Release|iPhone
		{9BA6883D-4C0F-46DC-8590-3899FD2CCFFB}.Release|iPhoneSimulator.ActiveCfg = Release|iPhoneSimulator
		{9BA6883D-4C0F-46DC-8590-3899FD2CCFFB}.Release|iPhoneSimulator.Build.0 = Release|iPhoneSimulator
	EndGlobalSection
	GlobalSection(SolutionProperties) = preSolution
		HideSolutionNode = FALSE
	EndGlobalSection
	GlobalSection(ExtensibilityGlobals) = postSolution
		SolutionGuid = {7C4A329F-8F34-4AB0-B43F-9431493271E0}
	EndGlobalSection
EndGlobal
