
Microsoft Visual Studio Solution File, Format Version 12.00
# Visual Studio 15
VisualStudioVersion = 15.0.27004.2009
MinimumVisualStudioVersion = 10.0.40219.1
Project("{FAE04EC0-301F-11D3-BF4B-00C04F79EFBC}") = "EjercicioEventos", "EjercicioEventos\EjercicioEventos.csproj", "{34FB0903-E651-4068-A74F-6FBE6B127754}"
EndProject
Global
	GlobalSection(SolutionConfigurationPlatforms) = preSolution
		Ad-Hoc|iPhone = Ad-Hoc|iPhone
		Ad-Hoc|iPhoneSimulator = Ad-Hoc|iPhoneSimulator
		AppStore|iPhone = AppStore|iPhone
		AppStore|iPhoneSimulator = AppStore|iPhoneSimulator
		Debug|iPhone = Debug|iPhone
		Debug|iPhoneSimulator = Debug|iPhoneSimulator
		Release|iPhone = Release|iPhone
		Release|iPhoneSimulator = Release|iPhoneSimulator
	EndGlobalSection
	GlobalSection(ProjectConfigurationPlatforms) = postSolution
		{34FB0903-E651-4068-A74F-6FBE6B127754}.Ad-Hoc|iPhone.ActiveCfg = Ad-Hoc|iPhone
		{34FB0903-E651-4068-A74F-6FBE6B127754}.Ad-Hoc|iPhone.Build.0 = Ad-Hoc|iPhone
		{34FB0903-E651-4068-A74F-6FBE6B127754}.Ad-Hoc|iPhoneSimulator.ActiveCfg = Ad-Hoc|iPhoneSimulator
		{34FB0903-E651-4068-A74F-6FBE6B127754}.Ad-Hoc|iPhoneSimulator.Build.0 = Ad-Hoc|iPhoneSimulator
		{34FB0903-E651-4068-A74F-6FBE6B127754}.AppStore|iPhone.ActiveCfg = AppStore|iPhone
		{34FB0903-E651-4068-A74F-6FBE6B127754}.AppStore|iPhone.Build.0 = AppStore|iPhone
		{34FB0903-E651-4068-A74F-6FBE6B127754}.AppStore|iPhoneSimulator.ActiveCfg = AppStore|iPhoneSimulator
		{34FB0903-E651-4068-A74F-6FBE6B127754}.AppStore|iPhoneSimulator.Build.0 = AppStore|iPhoneSimulator
		{34FB0903-E651-4068-A74F-6FBE6B127754}.Debug|iPhone.ActiveCfg = Debug|iPhone
		{34FB0903-E651-4068-A74F-6FBE6B127754}.Debug|iPhone.Build.0 = Debug|iPhone
		{34FB0903-E651-4068-A74F-6FBE6B127754}.Debug|iPhoneSimulator.ActiveCfg = Debug|iPhoneSimulator
		{34FB0903-E651-4068-A74F-6FBE6B127754}.Debug|iPhoneSimulator.Build.0 = Debug|iPhoneSimulator
		{34FB0903-E651-4068-A74F-6FBE6B127754}.Release|iPhone.ActiveCfg = Release|iPhone
		{34FB0903-E651-4068-A74F-6FBE6B127754}.Release|iPhone.Build.0 = Release|iPhone
		{34FB0903-E651-4068-A74F-6FBE6B127754}.Release|iPhoneSimulator.ActiveCfg = Release|iPhoneSimulator
		{34FB0903-E651-4068-A74F-6FBE6B127754}.Release|iPhoneSimulator.Build.0 = Release|iPhoneSimulator
	EndGlobalSection
	GlobalSection(SolutionProperties) = preSolution
		HideSolutionNode = FALSE
	EndGlobalSection
	GlobalSection(ExtensibilityGlobals) = postSolution
		SolutionGuid = {681E408F-66DC-47D7-A8E3-325ABEBE0850}
	EndGlobalSection
EndGlobal
