
Microsoft Visual Studio Solution File, Format Version 12.00
# Visual Studio 15
VisualStudioVersion = 15.0.28010.2036
MinimumVisualStudioVersion = 10.0.40219.1
Project("{FAE04EC0-301F-11D3-BF4B-00C04F79EFBC}") = "ConsoleTLP", "ConsoleTLP\ConsoleTLP.csproj", "{03843E7F-435F-4233-9A8B-75D014865FF8}"
EndProject
Global
	GlobalSection(SolutionConfigurationPlatforms) = preSolution
		Debug|Any CPU = Debug|Any CPU
		Release|Any CPU = Release|Any CPU
	EndGlobalSection
	GlobalSection(ProjectConfigurationPlatforms) = postSolution
		{03843E7F-435F-4233-9A8B-75D014865FF8}.Debug|Any CPU.ActiveCfg = Debug|Any CPU
		{03843E7F-435F-4233-9A8B-75D014865FF8}.Debug|Any CPU.Build.0 = Debug|Any CPU
		{03843E7F-435F-4233-9A8B-75D014865FF8}.Release|Any CPU.ActiveCfg = Release|Any CPU
		{03843E7F-435F-4233-9A8B-75D014865FF8}.Release|Any CPU.Build.0 = Release|Any CPU
	EndGlobalSection
	GlobalSection(SolutionProperties) = preSolution
		HideSolutionNode = FALSE
	EndGlobalSection
	GlobalSection(ExtensibilityGlobals) = postSolution
		SolutionGuid = {BB26FEE7-A926-4396-A0FF-24012ECDB619}
	EndGlobalSection
EndGlobal
