
Microsoft Visual Studio Solution File, Format Version 12.00
# Visual Studio 15
VisualStudioVersion = 15.0.27130.2036
MinimumVisualStudioVersion = 10.0.40219.1
Project("{FAE04EC0-301F-11D3-BF4B-00C04F79EFBC}") = "FListViewImpl.iOS", "FListViewImpl\FListViewImpl.iOS\FListViewImpl.iOS.csproj", "{66101CCA-31E5-4643-BF7E-4355D965CC02}"
EndProject
Project("{9A19103F-16F7-4668-BE54-9A1E7A4F7556}") = "FListViewImpl", "FListViewImpl\FListViewImpl\FListViewImpl.csproj", "{E624D42F-1036-446E-B2C7-682F60B4C776}"
EndProject
Project("{9A19103F-16F7-4668-BE54-9A1E7A4F7556}") = "ListView.Forms.Plugin.Abstractions", "..\ListView\ListView.Forms.Plugin.Abstractions\ListView.Forms.Plugin.Abstractions.csproj", "{BA729534-A342-435B-B633-BA9B59BDB830}"
EndProject
Project("{FAE04EC0-301F-11D3-BF4B-00C04F79EFBC}") = "ListView.Forms.Plugin.Android", "..\ListView\ListView.Forms.Plugin.Android\ListView.Forms.Plugin.Android.csproj", "{A099E0FD-565F-4FB5-8BBC-FEAF031BEC42}"
EndProject
Project("{FAE04EC0-301F-11D3-BF4B-00C04F79EFBC}") = "ListView.Forms.Plugin.iOS", "..\ListView\ListView.Forms.Plugin.iOS\ListView.Forms.Plugin.iOS.csproj", "{30EA8CB8-3BF3-4BCE-B7C5-A83DB7ADB8A8}"
EndProject
Project("{FAE04EC0-301F-11D3-BF4B-00C04F79EFBC}") = "FListViewImpl.Android", "FListViewImpl\FListViewImpl.Android\FListViewImpl.Android.csproj", "{22971E24-B1C2-43C9-B8F6-43E23865C7E5}"
EndProject
Global
	GlobalSection(SolutionConfigurationPlatforms) = preSolution
		Ad-Hoc|Any CPU = Ad-Hoc|Any CPU
		Ad-Hoc|iPhone = Ad-Hoc|iPhone
		Ad-Hoc|iPhoneSimulator = Ad-Hoc|iPhoneSimulator
		AppStore|Any CPU = AppStore|Any CPU
		AppStore|iPhone = AppStore|iPhone
		AppStore|iPhoneSimulator = AppStore|iPhoneSimulator
		Debug|Any CPU = Debug|Any CPU
		Debug|iPhone = Debug|iPhone
		Debug|iPhoneSimulator = Debug|iPhoneSimulator
		Release|Any CPU = Release|Any CPU
		Release|iPhone = Release|iPhone
		Release|iPhoneSimulator = Release|iPhoneSimulator
	EndGlobalSection
	GlobalSection(ProjectConfigurationPlatforms) = postSolution
		{66101CCA-31E5-4643-BF7E-4355D965CC02}.Ad-Hoc|Any CPU.ActiveCfg = Ad-Hoc|iPhone
		{66101CCA-31E5-4643-BF7E-4355D965CC02}.Ad-Hoc|iPhone.ActiveCfg = Ad-Hoc|iPhone
		{66101CCA-31E5-4643-BF7E-4355D965CC02}.Ad-Hoc|iPhone.Build.0 = Ad-Hoc|iPhone
		{66101CCA-31E5-4643-BF7E-4355D965CC02}.Ad-Hoc|iPhoneSimulator.ActiveCfg = Ad-Hoc|iPhoneSimulator
		{66101CCA-31E5-4643-BF7E-4355D965CC02}.Ad-Hoc|iPhoneSimulator.Build.0 = Ad-Hoc|iPhoneSimulator
		{66101CCA-31E5-4643-BF7E-4355D965CC02}.AppStore|Any CPU.ActiveCfg = AppStore|iPhone
		{66101CCA-31E5-4643-BF7E-4355D965CC02}.AppStore|iPhone.ActiveCfg = AppStore|iPhone
		{66101CCA-31E5-4643-BF7E-4355D965CC02}.AppStore|iPhone.Build.0 = AppStore|iPhone
		{66101CCA-31E5-4643-BF7E-4355D965CC02}.AppStore|iPhoneSimulator.ActiveCfg = AppStore|iPhoneSimulator
		{66101CCA-31E5-4643-BF7E-4355D965CC02}.AppStore|iPhoneSimulator.Build.0 = AppStore|iPhoneSimulator
		{66101CCA-31E5-4643-BF7E-4355D965CC02}.Debug|Any CPU.ActiveCfg = Debug|iPhone
		{66101CCA-31E5-4643-BF7E-4355D965CC02}.Debug|iPhone.ActiveCfg = Debug|iPhone
		{66101CCA-31E5-4643-BF7E-4355D965CC02}.Debug|iPhone.Build.0 = Debug|iPhone
		{66101CCA-31E5-4643-BF7E-4355D965CC02}.Debug|iPhoneSimulator.ActiveCfg = Debug|iPhoneSimulator
		{66101CCA-31E5-4643-BF7E-4355D965CC02}.Debug|iPhoneSimulator.Build.0 = Debug|iPhoneSimulator
		{66101CCA-31E5-4643-BF7E-4355D965CC02}.Release|Any CPU.ActiveCfg = Release|iPhone
		{66101CCA-31E5-4643-BF7E-4355D965CC02}.Release|iPhone.ActiveCfg = Release|iPhone
		{66101CCA-31E5-4643-BF7E-4355D965CC02}.Release|iPhone.Build.0 = Release|iPhone
		{66101CCA-31E5-4643-BF7E-4355D965CC02}.Release|iPhoneSimulator.ActiveCfg = Release|iPhoneSimulator
		{66101CCA-31E5-4643-BF7E-4355D965CC02}.Release|iPhoneSimulator.Build.0 = Release|iPhoneSimulator
		{E624D42F-1036-446E-B2C7-682F60B4C776}.Ad-Hoc|Any CPU.ActiveCfg = Debug|Any CPU
		{E624D42F-1036-446E-B2C7-682F60B4C776}.Ad-Hoc|Any CPU.Build.0 = Debug|Any CPU
		{E624D42F-1036-446E-B2C7-682F60B4C776}.Ad-Hoc|iPhone.ActiveCfg = Debug|Any CPU
		{E624D42F-1036-446E-B2C7-682F60B4C776}.Ad-Hoc|iPhone.Build.0 = Debug|Any CPU
		{E624D42F-1036-446E-B2C7-682F60B4C776}.Ad-Hoc|iPhoneSimulator.ActiveCfg = Debug|Any CPU
		{E624D42F-1036-446E-B2C7-682F60B4C776}.Ad-Hoc|iPhoneSimulator.Build.0 = Debug|Any CPU
		{E624D42F-1036-446E-B2C7-682F60B4C776}.AppStore|Any CPU.ActiveCfg = Debug|Any CPU
		{E624D42F-1036-446E-B2C7-682F60B4C776}.AppStore|Any CPU.Build.0 = Debug|Any CPU
		{E624D42F-1036-446E-B2C7-682F60B4C776}.AppStore|iPhone.ActiveCfg = Debug|Any CPU
		{E624D42F-1036-446E-B2C7-682F60B4C776}.AppStore|iPhone.Build.0 = Debug|Any CPU
		{E624D42F-1036-446E-B2C7-682F60B4C776}.AppStore|iPhoneSimulator.ActiveCfg = Debug|Any CPU
		{E624D42F-1036-446E-B2C7-682F60B4C776}.AppStore|iPhoneSimulator.Build.0 = Debug|Any CPU
		{E624D42F-1036-446E-B2C7-682F60B4C776}.Debug|Any CPU.ActiveCfg = Debug|Any CPU
		{E624D42F-1036-446E-B2C7-682F60B4C776}.Debug|Any CPU.Build.0 = Debug|Any CPU
		{E624D42F-1036-446E-B2C7-682F60B4C776}.Debug|iPhone.ActiveCfg = Debug|Any CPU
		{E624D42F-1036-446E-B2C7-682F60B4C776}.Debug|iPhone.Build.0 = Debug|Any CPU
		{E624D42F-1036-446E-B2C7-682F60B4C776}.Debug|iPhoneSimulator.ActiveCfg = Debug|Any CPU
		{E624D42F-1036-446E-B2C7-682F60B4C776}.Debug|iPhoneSimulator.Build.0 = Debug|Any CPU
		{E624D42F-1036-446E-B2C7-682F60B4C776}.Release|Any CPU.ActiveCfg = Release|Any CPU
		{E624D42F-1036-446E-B2C7-682F60B4C776}.Release|Any CPU.Build.0 = Release|Any CPU
		{E624D42F-1036-446E-B2C7-682F60B4C776}.Release|iPhone.ActiveCfg = Release|Any CPU
		{E624D42F-1036-446E-B2C7-682F60B4C776}.Release|iPhone.Build.0 = Release|Any CPU
		{E624D42F-1036-446E-B2C7-682F60B4C776}.Release|iPhoneSimulator.ActiveCfg = Release|Any CPU
		{E624D42F-1036-446E-B2C7-682F60B4C776}.Release|iPhoneSimulator.Build.0 = Release|Any CPU
		{BA729534-A342-435B-B633-BA9B59BDB830}.Ad-Hoc|Any CPU.ActiveCfg = Debug|Any CPU
		{BA729534-A342-435B-B633-BA9B59BDB830}.Ad-Hoc|Any CPU.Build.0 = Debug|Any CPU
		{BA729534-A342-435B-B633-BA9B59BDB830}.Ad-Hoc|iPhone.ActiveCfg = Debug|Any CPU
		{BA729534-A342-435B-B633-BA9B59BDB830}.Ad-Hoc|iPhone.Build.0 = Debug|Any CPU
		{BA729534-A342-435B-B633-BA9B59BDB830}.Ad-Hoc|iPhoneSimulator.ActiveCfg = Debug|Any CPU
		{BA729534-A342-435B-B633-BA9B59BDB830}.Ad-Hoc|iPhoneSimulator.Build.0 = Debug|Any CPU
		{BA729534-A342-435B-B633-BA9B59BDB830}.AppStore|Any CPU.ActiveCfg = Debug|Any CPU
		{BA729534-A342-435B-B633-BA9B59BDB830}.AppStore|Any CPU.Build.0 = Debug|Any CPU
		{BA729534-A342-435B-B633-BA9B59BDB830}.AppStore|iPhone.ActiveCfg = Debug|Any CPU
		{BA729534-A342-435B-B633-BA9B59BDB830}.AppStore|iPhone.Build.0 = Debug|Any CPU
		{BA729534-A342-435B-B633-BA9B59BDB830}.AppStore|iPhoneSimulator.ActiveCfg = Debug|Any CPU
		{BA729534-A342-435B-B633-BA9B59BDB830}.AppStore|iPhoneSimulator.Build.0 = Debug|Any CPU
		{BA729534-A342-435B-B633-BA9B59BDB830}.Debug|Any CPU.ActiveCfg = Debug|Any CPU
		{BA729534-A342-435B-B633-BA9B59BDB830}.Debug|Any CPU.Build.0 = Debug|Any CPU
		{BA729534-A342-435B-B633-BA9B59BDB830}.Debug|iPhone.ActiveCfg = Debug|Any CPU
		{BA729534-A342-435B-B633-BA9B59BDB830}.Debug|iPhone.Build.0 = Debug|Any CPU
		{BA729534-A342-435B-B633-BA9B59BDB830}.Debug|iPhoneSimulator.ActiveCfg = Debug|Any CPU
		{BA729534-A342-435B-B633-BA9B59BDB830}.Debug|iPhoneSimulator.Build.0 = Debug|Any CPU
		{BA729534-A342-435B-B633-BA9B59BDB830}.Release|Any CPU.ActiveCfg = Release|Any CPU
		{BA729534-A342-435B-B633-BA9B59BDB830}.Release|Any CPU.Build.0 = Release|Any CPU
		{BA729534-A342-435B-B633-BA9B59BDB830}.Release|iPhone.ActiveCfg = Release|Any CPU
		{BA729534-A342-435B-B633-BA9B59BDB830}.Release|iPhone.Build.0 = Release|Any CPU
		{BA729534-A342-435B-B633-BA9B59BDB830}.Release|iPhoneSimulator.ActiveCfg = Release|Any CPU
		{BA729534-A342-435B-B633-BA9B59BDB830}.Release|iPhoneSimulator.Build.0 = Release|Any CPU
		{A099E0FD-565F-4FB5-8BBC-FEAF031BEC42}.Ad-Hoc|Any CPU.ActiveCfg = Release|Any CPU
		{A099E0FD-565F-4FB5-8BBC-FEAF031BEC42}.Ad-Hoc|Any CPU.Build.0 = Release|Any CPU
		{A099E0FD-565F-4FB5-8BBC-FEAF031BEC42}.Ad-Hoc|iPhone.ActiveCfg = Release|Any CPU
		{A099E0FD-565F-4FB5-8BBC-FEAF031BEC42}.Ad-Hoc|iPhone.Build.0 = Release|Any CPU
		{A099E0FD-565F-4FB5-8BBC-FEAF031BEC42}.Ad-Hoc|iPhoneSimulator.ActiveCfg = Release|Any CPU
		{A099E0FD-565F-4FB5-8BBC-FEAF031BEC42}.Ad-Hoc|iPhoneSimulator.Build.0 = Release|Any CPU
		{A099E0FD-565F-4FB5-8BBC-FEAF031BEC42}.AppStore|Any CPU.ActiveCfg = Release|Any CPU
		{A099E0FD-565F-4FB5-8BBC-FEAF031BEC42}.AppStore|Any CPU.Build.0 = Release|Any CPU
		{A099E0FD-565F-4FB5-8BBC-FEAF031BEC42}.AppStore|iPhone.ActiveCfg = Release|Any CPU
		{A099E0FD-565F-4FB5-8BBC-FEAF031BEC42}.AppStore|iPhone.Build.0 = Release|Any CPU
		{A099E0FD-565F-4FB5-8BBC-FEAF031BEC42}.AppStore|iPhoneSimulator.ActiveCfg = Release|Any CPU
		{A099E0FD-565F-4FB5-8BBC-FEAF031BEC42}.AppStore|iPhoneSimulator.Build.0 = Release|Any CPU
		{A099E0FD-565F-4FB5-8BBC-FEAF031BEC42}.Debug|Any CPU.ActiveCfg = Debug|Any CPU
		{A099E0FD-565F-4FB5-8BBC-FEAF031BEC42}.Debug|Any CPU.Build.0 = Debug|Any CPU
		{A099E0FD-565F-4FB5-8BBC-FEAF031BEC42}.Debug|iPhone.ActiveCfg = Debug|Any CPU
		{A099E0FD-565F-4FB5-8BBC-FEAF031BEC42}.Debug|iPhone.Build.0 = Debug|Any CPU
		{A099E0FD-565F-4FB5-8BBC-FEAF031BEC42}.Debug|iPhoneSimulator.ActiveCfg = Debug|Any CPU
		{A099E0FD-565F-4FB5-8BBC-FEAF031BEC42}.Debug|iPhoneSimulator.Build.0 = Debug|Any CPU
		{A099E0FD-565F-4FB5-8BBC-FEAF031BEC42}.Release|Any CPU.ActiveCfg = Release|Any CPU
		{A099E0FD-565F-4FB5-8BBC-FEAF031BEC42}.Release|Any CPU.Build.0 = Release|Any CPU
		{A099E0FD-565F-4FB5-8BBC-FEAF031BEC42}.Release|iPhone.ActiveCfg = Release|Any CPU
		{A099E0FD-565F-4FB5-8BBC-FEAF031BEC42}.Release|iPhone.Build.0 = Release|Any CPU
		{A099E0FD-565F-4FB5-8BBC-FEAF031BEC42}.Release|iPhoneSimulator.ActiveCfg = Release|Any CPU
		{A099E0FD-565F-4FB5-8BBC-FEAF031BEC42}.Release|iPhoneSimulator.Build.0 = Release|Any CPU
		{30EA8CB8-3BF3-4BCE-B7C5-A83DB7ADB8A8}.Ad-Hoc|Any CPU.ActiveCfg = Release|Any CPU
		{30EA8CB8-3BF3-4BCE-B7C5-A83DB7ADB8A8}.Ad-Hoc|Any CPU.Build.0 = Release|Any CPU
		{30EA8CB8-3BF3-4BCE-B7C5-A83DB7ADB8A8}.Ad-Hoc|iPhone.ActiveCfg = Release|Any CPU
		{30EA8CB8-3BF3-4BCE-B7C5-A83DB7ADB8A8}.Ad-Hoc|iPhone.Build.0 = Release|Any CPU
		{30EA8CB8-3BF3-4BCE-B7C5-A83DB7ADB8A8}.Ad-Hoc|iPhoneSimulator.ActiveCfg = Release|Any CPU
		{30EA8CB8-3BF3-4BCE-B7C5-A83DB7ADB8A8}.Ad-Hoc|iPhoneSimulator.Build.0 = Release|Any CPU
		{30EA8CB8-3BF3-4BCE-B7C5-A83DB7ADB8A8}.AppStore|Any CPU.ActiveCfg = Release|Any CPU
		{30EA8CB8-3BF3-4BCE-B7C5-A83DB7ADB8A8}.AppStore|Any CPU.Build.0 = Release|Any CPU
		{30EA8CB8-3BF3-4BCE-B7C5-A83DB7ADB8A8}.AppStore|iPhone.ActiveCfg = Release|Any CPU
		{30EA8CB8-3BF3-4BCE-B7C5-A83DB7ADB8A8}.AppStore|iPhone.Build.0 = Release|Any CPU
		{30EA8CB8-3BF3-4BCE-B7C5-A83DB7ADB8A8}.AppStore|iPhoneSimulator.ActiveCfg = Release|Any CPU
		{30EA8CB8-3BF3-4BCE-B7C5-A83DB7ADB8A8}.AppStore|iPhoneSimulator.Build.0 = Release|Any CPU
		{30EA8CB8-3BF3-4BCE-B7C5-A83DB7ADB8A8}.Debug|Any CPU.ActiveCfg = Debug|Any CPU
		{30EA8CB8-3BF3-4BCE-B7C5-A83DB7ADB8A8}.Debug|Any CPU.Build.0 = Debug|Any CPU
		{30EA8CB8-3BF3-4BCE-B7C5-A83DB7ADB8A8}.Debug|iPhone.ActiveCfg = Debug|Any CPU
		{30EA8CB8-3BF3-4BCE-B7C5-A83DB7ADB8A8}.Debug|iPhone.Build.0 = Debug|Any CPU
		{30EA8CB8-3BF3-4BCE-B7C5-A83DB7ADB8A8}.Debug|iPhoneSimulator.ActiveCfg = Debug|Any CPU
		{30EA8CB8-3BF3-4BCE-B7C5-A83DB7ADB8A8}.Debug|iPhoneSimulator.Build.0 = Debug|Any CPU
		{30EA8CB8-3BF3-4BCE-B7C5-A83DB7ADB8A8}.Release|Any CPU.ActiveCfg = Release|Any CPU
		{30EA8CB8-3BF3-4BCE-B7C5-A83DB7ADB8A8}.Release|Any CPU.Build.0 = Release|Any CPU
		{30EA8CB8-3BF3-4BCE-B7C5-A83DB7ADB8A8}.Release|iPhone.ActiveCfg = Release|Any CPU
		{30EA8CB8-3BF3-4BCE-B7C5-A83DB7ADB8A8}.Release|iPhone.Build.0 = Release|Any CPU
		{30EA8CB8-3BF3-4BCE-B7C5-A83DB7ADB8A8}.Release|iPhoneSimulator.ActiveCfg = Release|Any CPU
		{30EA8CB8-3BF3-4BCE-B7C5-A83DB7ADB8A8}.Release|iPhoneSimulator.Build.0 = Release|Any CPU
		{22971E24-B1C2-43C9-B8F6-43E23865C7E5}.Ad-Hoc|Any CPU.ActiveCfg = Release|Any CPU
		{22971E24-B1C2-43C9-B8F6-43E23865C7E5}.Ad-Hoc|Any CPU.Build.0 = Release|Any CPU
		{22971E24-B1C2-43C9-B8F6-43E23865C7E5}.Ad-Hoc|Any CPU.Deploy.0 = Release|Any CPU
		{22971E24-B1C2-43C9-B8F6-43E23865C7E5}.Ad-Hoc|iPhone.ActiveCfg = Release|Any CPU
		{22971E24-B1C2-43C9-B8F6-43E23865C7E5}.Ad-Hoc|iPhone.Build.0 = Release|Any CPU
		{22971E24-B1C2-43C9-B8F6-43E23865C7E5}.Ad-Hoc|iPhone.Deploy.0 = Release|Any CPU
		{22971E24-B1C2-43C9-B8F6-43E23865C7E5}.Ad-Hoc|iPhoneSimulator.ActiveCfg = Release|Any CPU
		{22971E24-B1C2-43C9-B8F6-43E23865C7E5}.Ad-Hoc|iPhoneSimulator.Build.0 = Release|Any CPU
		{22971E24-B1C2-43C9-B8F6-43E23865C7E5}.Ad-Hoc|iPhoneSimulator.Deploy.0 = Release|Any CPU
		{22971E24-B1C2-43C9-B8F6-43E23865C7E5}.AppStore|Any CPU.ActiveCfg = Release|Any CPU
		{22971E24-B1C2-43C9-B8F6-43E23865C7E5}.AppStore|Any CPU.Build.0 = Release|Any CPU
		{22971E24-B1C2-43C9-B8F6-43E23865C7E5}.AppStore|Any CPU.Deploy.0 = Release|Any CPU
		{22971E24-B1C2-43C9-B8F6-43E23865C7E5}.AppStore|iPhone.ActiveCfg = Release|Any CPU
		{22971E24-B1C2-43C9-B8F6-43E23865C7E5}.AppStore|iPhone.Build.0 = Release|Any CPU
		{22971E24-B1C2-43C9-B8F6-43E23865C7E5}.AppStore|iPhone.Deploy.0 = Release|Any CPU
		{22971E24-B1C2-43C9-B8F6-43E23865C7E5}.AppStore|iPhoneSimulator.ActiveCfg = Release|Any CPU
		{22971E24-B1C2-43C9-B8F6-43E23865C7E5}.AppStore|iPhoneSimulator.Build.0 = Release|Any CPU
		{22971E24-B1C2-43C9-B8F6-43E23865C7E5}.AppStore|iPhoneSimulator.Deploy.0 = Release|Any CPU
		{22971E24-B1C2-43C9-B8F6-43E23865C7E5}.Debug|Any CPU.ActiveCfg = Debug|Any CPU
		{22971E24-B1C2-43C9-B8F6-43E23865C7E5}.Debug|Any CPU.Build.0 = Debug|Any CPU
		{22971E24-B1C2-43C9-B8F6-43E23865C7E5}.Debug|Any CPU.Deploy.0 = Debug|Any CPU
		{22971E24-B1C2-43C9-B8F6-43E23865C7E5}.Debug|iPhone.ActiveCfg = Debug|Any CPU
		{22971E24-B1C2-43C9-B8F6-43E23865C7E5}.Debug|iPhone.Build.0 = Debug|Any CPU
		{22971E24-B1C2-43C9-B8F6-43E23865C7E5}.Debug|iPhone.Deploy.0 = Debug|Any CPU
		{22971E24-B1C2-43C9-B8F6-43E23865C7E5}.Debug|iPhoneSimulator.ActiveCfg = Debug|Any CPU
		{22971E24-B1C2-43C9-B8F6-43E23865C7E5}.Debug|iPhoneSimulator.Build.0 = Debug|Any CPU
		{22971E24-B1C2-43C9-B8F6-43E23865C7E5}.Debug|iPhoneSimulator.Deploy.0 = Debug|Any CPU
		{22971E24-B1C2-43C9-B8F6-43E23865C7E5}.Release|Any CPU.ActiveCfg = Release|Any CPU
		{22971E24-B1C2-43C9-B8F6-43E23865C7E5}.Release|Any CPU.Build.0 = Release|Any CPU
		{22971E24-B1C2-43C9-B8F6-43E23865C7E5}.Release|Any CPU.Deploy.0 = Release|Any CPU
		{22971E24-B1C2-43C9-B8F6-43E23865C7E5}.Release|iPhone.ActiveCfg = Release|Any CPU
		{22971E24-B1C2-43C9-B8F6-43E23865C7E5}.Release|iPhone.Build.0 = Release|Any CPU
		{22971E24-B1C2-43C9-B8F6-43E23865C7E5}.Release|iPhone.Deploy.0 = Release|Any CPU
		{22971E24-B1C2-43C9-B8F6-43E23865C7E5}.Release|iPhoneSimulator.ActiveCfg = Release|Any CPU
		{22971E24-B1C2-43C9-B8F6-43E23865C7E5}.Release|iPhoneSimulator.Build.0 = Release|Any CPU
		{22971E24-B1C2-43C9-B8F6-43E23865C7E5}.Release|iPhoneSimulator.Deploy.0 = Release|Any CPU
	EndGlobalSection
	GlobalSection(SolutionProperties) = preSolution
		HideSolutionNode = FALSE
	EndGlobalSection
	GlobalSection(ExtensibilityGlobals) = postSolution
		SolutionGuid = {C9ED8CE8-A9F1-46D8-BF91-2343602976DC}
	EndGlobalSection
EndGlobal
