
Microsoft Visual Studio Solution File, Format Version 12.00
# Visual Studio 15
VisualStudioVersion = 15.0.27004.2010
MinimumVisualStudioVersion = 10.0.40219.1
Project("{FAE04EC0-301F-11D3-BF4B-00C04F79EFBC}") = "MacPolloApp.Android", "MacPolloApp\MacPolloApp.Android\MacPolloApp.Android.csproj", "{A38176AC-D074-4223-9130-E6532563AB01}"
EndProject
Project("{FAE04EC0-301F-11D3-BF4B-00C04F79EFBC}") = "MacPolloApp", "MacPolloApp\MacPolloApp\MacPolloApp.csproj", "{9B48F93F-37B9-4376-A0E9-D0228156F549}"
EndProject
Project("{FAE04EC0-301F-11D3-BF4B-00C04F79EFBC}") = "MacPolloApp.UWP", "MacPolloApp\MacPolloApp.UWP\MacPolloApp.UWP.csproj", "{4AF6AAD5-9E0B-4B38-8736-4CC683C7C366}"
EndProject
Project("{FAE04EC0-301F-11D3-BF4B-00C04F79EFBC}") = "MacPolloApp.iOS", "MacPolloApp\MacPolloApp.iOS\MacPolloApp.iOS.csproj", "{EECCD8EA-F069-46D1-A4EF-D0E59309B133}"
EndProject
Global
	GlobalSection(SolutionConfigurationPlatforms) = preSolution
		Ad-Hoc|Any CPU = Ad-Hoc|Any CPU
		Ad-Hoc|ARM = Ad-Hoc|ARM
		Ad-Hoc|iPhone = Ad-Hoc|iPhone
		Ad-Hoc|iPhoneSimulator = Ad-Hoc|iPhoneSimulator
		Ad-Hoc|x64 = Ad-Hoc|x64
		Ad-Hoc|x86 = Ad-Hoc|x86
		AppStore|Any CPU = AppStore|Any CPU
		AppStore|ARM = AppStore|ARM
		AppStore|iPhone = AppStore|iPhone
		AppStore|iPhoneSimulator = AppStore|iPhoneSimulator
		AppStore|x64 = AppStore|x64
		AppStore|x86 = AppStore|x86
		Debug|Any CPU = Debug|Any CPU
		Debug|ARM = Debug|ARM
		Debug|iPhone = Debug|iPhone
		Debug|iPhoneSimulator = Debug|iPhoneSimulator
		Debug|x64 = Debug|x64
		Debug|x86 = Debug|x86
		Release|Any CPU = Release|Any CPU
		Release|ARM = Release|ARM
		Release|iPhone = Release|iPhone
		Release|iPhoneSimulator = Release|iPhoneSimulator
		Release|x64 = Release|x64
		Release|x86 = Release|x86
	EndGlobalSection
	GlobalSection(ProjectConfigurationPlatforms) = postSolution
		{A38176AC-D074-4223-9130-E6532563AB01}.Ad-Hoc|Any CPU.ActiveCfg = Release|Any CPU
		{A38176AC-D074-4223-9130-E6532563AB01}.Ad-Hoc|Any CPU.Build.0 = Release|Any CPU
		{A38176AC-D074-4223-9130-E6532563AB01}.Ad-Hoc|Any CPU.Deploy.0 = Release|Any CPU
		{A38176AC-D074-4223-9130-E6532563AB01}.Ad-Hoc|ARM.ActiveCfg = Release|Any CPU
		{A38176AC-D074-4223-9130-E6532563AB01}.Ad-Hoc|ARM.Build.0 = Release|Any CPU
		{A38176AC-D074-4223-9130-E6532563AB01}.Ad-Hoc|ARM.Deploy.0 = Release|Any CPU
		{A38176AC-D074-4223-9130-E6532563AB01}.Ad-Hoc|iPhone.ActiveCfg = Release|Any CPU
		{A38176AC-D074-4223-9130-E6532563AB01}.Ad-Hoc|iPhone.Build.0 = Release|Any CPU
		{A38176AC-D074-4223-9130-E6532563AB01}.Ad-Hoc|iPhone.Deploy.0 = Release|Any CPU
		{A38176AC-D074-4223-9130-E6532563AB01}.Ad-Hoc|iPhoneSimulator.ActiveCfg = Release|Any CPU
		{A38176AC-D074-4223-9130-E6532563AB01}.Ad-Hoc|iPhoneSimulator.Build.0 = Release|Any CPU
		{A38176AC-D074-4223-9130-E6532563AB01}.Ad-Hoc|iPhoneSimulator.Deploy.0 = Release|Any CPU
		{A38176AC-D074-4223-9130-E6532563AB01}.Ad-Hoc|x64.ActiveCfg = Release|Any CPU
		{A38176AC-D074-4223-9130-E6532563AB01}.Ad-Hoc|x64.Build.0 = Release|Any CPU
		{A38176AC-D074-4223-9130-E6532563AB01}.Ad-Hoc|x64.Deploy.0 = Release|Any CPU
		{A38176AC-D074-4223-9130-E6532563AB01}.Ad-Hoc|x86.ActiveCfg = Release|Any CPU
		{A38176AC-D074-4223-9130-E6532563AB01}.Ad-Hoc|x86.Build.0 = Release|Any CPU
		{A38176AC-D074-4223-9130-E6532563AB01}.Ad-Hoc|x86.Deploy.0 = Release|Any CPU
		{A38176AC-D074-4223-9130-E6532563AB01}.AppStore|Any CPU.ActiveCfg = Release|Any CPU
		{A38176AC-D074-4223-9130-E6532563AB01}.AppStore|Any CPU.Build.0 = Release|Any CPU
		{A38176AC-D074-4223-9130-E6532563AB01}.AppStore|Any CPU.Deploy.0 = Release|Any CPU
		{A38176AC-D074-4223-9130-E6532563AB01}.AppStore|ARM.ActiveCfg = Release|Any CPU
		{A38176AC-D074-4223-9130-E6532563AB01}.AppStore|ARM.Build.0 = Release|Any CPU
		{A38176AC-D074-4223-9130-E6532563AB01}.AppStore|ARM.Deploy.0 = Release|Any CPU
		{A38176AC-D074-4223-9130-E6532563AB01}.AppStore|iPhone.ActiveCfg = Release|Any CPU
		{A38176AC-D074-4223-9130-E6532563AB01}.AppStore|iPhone.Build.0 = Release|Any CPU
		{A38176AC-D074-4223-9130-E6532563AB01}.AppStore|iPhone.Deploy.0 = Release|Any CPU
		{A38176AC-D074-4223-9130-E6532563AB01}.AppStore|iPhoneSimulator.ActiveCfg = Release|Any CPU
		{A38176AC-D074-4223-9130-E6532563AB01}.AppStore|iPhoneSimulator.Build.0 = Release|Any CPU
		{A38176AC-D074-4223-9130-E6532563AB01}.AppStore|iPhoneSimulator.Deploy.0 = Release|Any CPU
		{A38176AC-D074-4223-9130-E6532563AB01}.AppStore|x64.ActiveCfg = Release|Any CPU
		{A38176AC-D074-4223-9130-E6532563AB01}.AppStore|x64.Build.0 = Release|Any CPU
		{A38176AC-D074-4223-9130-E6532563AB01}.AppStore|x64.Deploy.0 = Release|Any CPU
		{A38176AC-D074-4223-9130-E6532563AB01}.AppStore|x86.ActiveCfg = Release|Any CPU
		{A38176AC-D074-4223-9130-E6532563AB01}.AppStore|x86.Build.0 = Release|Any CPU
		{A38176AC-D074-4223-9130-E6532563AB01}.AppStore|x86.Deploy.0 = Release|Any CPU
		{A38176AC-D074-4223-9130-E6532563AB01}.Debug|Any CPU.ActiveCfg = Debug|Any CPU
		{A38176AC-D074-4223-9130-E6532563AB01}.Debug|Any CPU.Build.0 = Debug|Any CPU
		{A38176AC-D074-4223-9130-E6532563AB01}.Debug|Any CPU.Deploy.0 = Debug|Any CPU
		{A38176AC-D074-4223-9130-E6532563AB01}.Debug|ARM.ActiveCfg = Debug|Any CPU
		{A38176AC-D074-4223-9130-E6532563AB01}.Debug|ARM.Build.0 = Debug|Any CPU
		{A38176AC-D074-4223-9130-E6532563AB01}.Debug|ARM.Deploy.0 = Debug|Any CPU
		{A38176AC-D074-4223-9130-E6532563AB01}.Debug|iPhone.ActiveCfg = Debug|Any CPU
		{A38176AC-D074-4223-9130-E6532563AB01}.Debug|iPhone.Build.0 = Debug|Any CPU
		{A38176AC-D074-4223-9130-E6532563AB01}.Debug|iPhone.Deploy.0 = Debug|Any CPU
		{A38176AC-D074-4223-9130-E6532563AB01}.Debug|iPhoneSimulator.ActiveCfg = Debug|Any CPU
		{A38176AC-D074-4223-9130-E6532563AB01}.Debug|iPhoneSimulator.Build.0 = Debug|Any CPU
		{A38176AC-D074-4223-9130-E6532563AB01}.Debug|iPhoneSimulator.Deploy.0 = Debug|Any CPU
		{A38176AC-D074-4223-9130-E6532563AB01}.Debug|x64.ActiveCfg = Debug|Any CPU
		{A38176AC-D074-4223-9130-E6532563AB01}.Debug|x64.Build.0 = Debug|Any CPU
		{A38176AC-D074-4223-9130-E6532563AB01}.Debug|x64.Deploy.0 = Debug|Any CPU
		{A38176AC-D074-4223-9130-E6532563AB01}.Debug|x86.ActiveCfg = Debug|Any CPU
		{A38176AC-D074-4223-9130-E6532563AB01}.Debug|x86.Build.0 = Debug|Any CPU
		{A38176AC-D074-4223-9130-E6532563AB01}.Debug|x86.Deploy.0 = Debug|Any CPU
		{A38176AC-D074-4223-9130-E6532563AB01}.Release|Any CPU.ActiveCfg = Release|Any CPU
		{A38176AC-D074-4223-9130-E6532563AB01}.Release|Any CPU.Build.0 = Release|Any CPU
		{A38176AC-D074-4223-9130-E6532563AB01}.Release|Any CPU.Deploy.0 = Release|Any CPU
		{A38176AC-D074-4223-9130-E6532563AB01}.Release|ARM.ActiveCfg = Release|Any CPU
		{A38176AC-D074-4223-9130-E6532563AB01}.Release|ARM.Build.0 = Release|Any CPU
		{A38176AC-D074-4223-9130-E6532563AB01}.Release|ARM.Deploy.0 = Release|Any CPU
		{A38176AC-D074-4223-9130-E6532563AB01}.Release|iPhone.ActiveCfg = Release|Any CPU
		{A38176AC-D074-4223-9130-E6532563AB01}.Release|iPhone.Build.0 = Release|Any CPU
		{A38176AC-D074-4223-9130-E6532563AB01}.Release|iPhone.Deploy.0 = Release|Any CPU
		{A38176AC-D074-4223-9130-E6532563AB01}.Release|iPhoneSimulator.ActiveCfg = Release|Any CPU
		{A38176AC-D074-4223-9130-E6532563AB01}.Release|iPhoneSimulator.Build.0 = Release|Any CPU
		{A38176AC-D074-4223-9130-E6532563AB01}.Release|iPhoneSimulator.Deploy.0 = Release|Any CPU
		{A38176AC-D074-4223-9130-E6532563AB01}.Release|x64.ActiveCfg = Release|Any CPU
		{A38176AC-D074-4223-9130-E6532563AB01}.Release|x64.Build.0 = Release|Any CPU
		{A38176AC-D074-4223-9130-E6532563AB01}.Release|x64.Deploy.0 = Release|Any CPU
		{A38176AC-D074-4223-9130-E6532563AB01}.Release|x86.ActiveCfg = Release|Any CPU
		{A38176AC-D074-4223-9130-E6532563AB01}.Release|x86.Build.0 = Release|Any CPU
		{A38176AC-D074-4223-9130-E6532563AB01}.Release|x86.Deploy.0 = Release|Any CPU
		{9B48F93F-37B9-4376-A0E9-D0228156F549}.Ad-Hoc|Any CPU.ActiveCfg = Release|Any CPU
		{9B48F93F-37B9-4376-A0E9-D0228156F549}.Ad-Hoc|Any CPU.Build.0 = Release|Any CPU
		{9B48F93F-37B9-4376-A0E9-D0228156F549}.Ad-Hoc|ARM.ActiveCfg = Release|Any CPU
		{9B48F93F-37B9-4376-A0E9-D0228156F549}.Ad-Hoc|ARM.Build.0 = Release|Any CPU
		{9B48F93F-37B9-4376-A0E9-D0228156F549}.Ad-Hoc|iPhone.ActiveCfg = Release|Any CPU
		{9B48F93F-37B9-4376-A0E9-D0228156F549}.Ad-Hoc|iPhone.Build.0 = Release|Any CPU
		{9B48F93F-37B9-4376-A0E9-D0228156F549}.Ad-Hoc|iPhoneSimulator.ActiveCfg = Release|Any CPU
		{9B48F93F-37B9-4376-A0E9-D0228156F549}.Ad-Hoc|iPhoneSimulator.Build.0 = Release|Any CPU
		{9B48F93F-37B9-4376-A0E9-D0228156F549}.Ad-Hoc|x64.ActiveCfg = Release|Any CPU
		{9B48F93F-37B9-4376-A0E9-D0228156F549}.Ad-Hoc|x64.Build.0 = Release|Any CPU
		{9B48F93F-37B9-4376-A0E9-D0228156F549}.Ad-Hoc|x86.ActiveCfg = Release|Any CPU
		{9B48F93F-37B9-4376-A0E9-D0228156F549}.Ad-Hoc|x86.Build.0 = Release|Any CPU
		{9B48F93F-37B9-4376-A0E9-D0228156F549}.AppStore|Any CPU.ActiveCfg = Release|Any CPU
		{9B48F93F-37B9-4376-A0E9-D0228156F549}.AppStore|Any CPU.Build.0 = Release|Any CPU
		{9B48F93F-37B9-4376-A0E9-D0228156F549}.AppStore|ARM.ActiveCfg = Release|Any CPU
		{9B48F93F-37B9-4376-A0E9-D0228156F549}.AppStore|ARM.Build.0 = Release|Any CPU
		{9B48F93F-37B9-4376-A0E9-D0228156F549}.AppStore|iPhone.ActiveCfg = Release|Any CPU
		{9B48F93F-37B9-4376-A0E9-D0228156F549}.AppStore|iPhone.Build.0 = Release|Any CPU
		{9B48F93F-37B9-4376-A0E9-D0228156F549}.AppStore|iPhoneSimulator.ActiveCfg = Release|Any CPU
		{9B48F93F-37B9-4376-A0E9-D0228156F549}.AppStore|iPhoneSimulator.Build.0 = Release|Any CPU
		{9B48F93F-37B9-4376-A0E9-D0228156F549}.AppStore|x64.ActiveCfg = Release|Any CPU
		{9B48F93F-37B9-4376-A0E9-D0228156F549}.AppStore|x64.Build.0 = Release|Any CPU
		{9B48F93F-37B9-4376-A0E9-D0228156F549}.AppStore|x86.ActiveCfg = Release|Any CPU
		{9B48F93F-37B9-4376-A0E9-D0228156F549}.AppStore|x86.Build.0 = Release|Any CPU
		{9B48F93F-37B9-4376-A0E9-D0228156F549}.Debug|Any CPU.ActiveCfg = Debug|Any CPU
		{9B48F93F-37B9-4376-A0E9-D0228156F549}.Debug|Any CPU.Build.0 = Debug|Any CPU
		{9B48F93F-37B9-4376-A0E9-D0228156F549}.Debug|ARM.ActiveCfg = Debug|Any CPU
		{9B48F93F-37B9-4376-A0E9-D0228156F549}.Debug|ARM.Build.0 = Debug|Any CPU
		{9B48F93F-37B9-4376-A0E9-D0228156F549}.Debug|iPhone.ActiveCfg = Debug|Any CPU
		{9B48F93F-37B9-4376-A0E9-D0228156F549}.Debug|iPhone.Build.0 = Debug|Any CPU
		{9B48F93F-37B9-4376-A0E9-D0228156F549}.Debug|iPhoneSimulator.ActiveCfg = Debug|Any CPU
		{9B48F93F-37B9-4376-A0E9-D0228156F549}.Debug|iPhoneSimulator.Build.0 = Debug|Any CPU
		{9B48F93F-37B9-4376-A0E9-D0228156F549}.Debug|x64.ActiveCfg = Debug|Any CPU
		{9B48F93F-37B9-4376-A0E9-D0228156F549}.Debug|x64.Build.0 = Debug|Any CPU
		{9B48F93F-37B9-4376-A0E9-D0228156F549}.Debug|x86.ActiveCfg = Debug|Any CPU
		{9B48F93F-37B9-4376-A0E9-D0228156F549}.Debug|x86.Build.0 = Debug|Any CPU
		{9B48F93F-37B9-4376-A0E9-D0228156F549}.Release|Any CPU.ActiveCfg = Release|Any CPU
		{9B48F93F-37B9-4376-A0E9-D0228156F549}.Release|Any CPU.Build.0 = Release|Any CPU
		{9B48F93F-37B9-4376-A0E9-D0228156F549}.Release|ARM.ActiveCfg = Release|Any CPU
		{9B48F93F-37B9-4376-A0E9-D0228156F549}.Release|ARM.Build.0 = Release|Any CPU
		{9B48F93F-37B9-4376-A0E9-D0228156F549}.Release|iPhone.ActiveCfg = Release|Any CPU
		{9B48F93F-37B9-4376-A0E9-D0228156F549}.Release|iPhone.Build.0 = Release|Any CPU
		{9B48F93F-37B9-4376-A0E9-D0228156F549}.Release|iPhoneSimulator.ActiveCfg = Release|Any CPU
		{9B48F93F-37B9-4376-A0E9-D0228156F549}.Release|iPhoneSimulator.Build.0 = Release|Any CPU
		{9B48F93F-37B9-4376-A0E9-D0228156F549}.Release|x64.ActiveCfg = Release|Any CPU
		{9B48F93F-37B9-4376-A0E9-D0228156F549}.Release|x64.Build.0 = Release|Any CPU
		{9B48F93F-37B9-4376-A0E9-D0228156F549}.Release|x86.ActiveCfg = Release|Any CPU
		{9B48F93F-37B9-4376-A0E9-D0228156F549}.Release|x86.Build.0 = Release|Any CPU
		{4AF6AAD5-9E0B-4B38-8736-4CC683C7C366}.Ad-Hoc|Any CPU.ActiveCfg = Release|x86
		{4AF6AAD5-9E0B-4B38-8736-4CC683C7C366}.Ad-Hoc|Any CPU.Build.0 = Release|x86
		{4AF6AAD5-9E0B-4B38-8736-4CC683C7C366}.Ad-Hoc|Any CPU.Deploy.0 = Release|x86
		{4AF6AAD5-9E0B-4B38-8736-4CC683C7C366}.Ad-Hoc|ARM.ActiveCfg = Release|ARM
		{4AF6AAD5-9E0B-4B38-8736-4CC683C7C366}.Ad-Hoc|ARM.Build.0 = Release|ARM
		{4AF6AAD5-9E0B-4B38-8736-4CC683C7C366}.Ad-Hoc|ARM.Deploy.0 = Release|ARM
		{4AF6AAD5-9E0B-4B38-8736-4CC683C7C366}.Ad-Hoc|iPhone.ActiveCfg = Release|x86
		{4AF6AAD5-9E0B-4B38-8736-4CC683C7C366}.Ad-Hoc|iPhone.Build.0 = Release|x86
		{4AF6AAD5-9E0B-4B38-8736-4CC683C7C366}.Ad-Hoc|iPhone.Deploy.0 = Release|x86
		{4AF6AAD5-9E0B-4B38-8736-4CC683C7C366}.Ad-Hoc|iPhoneSimulator.ActiveCfg = Release|x86
		{4AF6AAD5-9E0B-4B38-8736-4CC683C7C366}.Ad-Hoc|iPhoneSimulator.Build.0 = Release|x86
		{4AF6AAD5-9E0B-4B38-8736-4CC683C7C366}.Ad-Hoc|iPhoneSimulator.Deploy.0 = Release|x86
		{4AF6AAD5-9E0B-4B38-8736-4CC683C7C366}.Ad-Hoc|x64.ActiveCfg = Release|x64
		{4AF6AAD5-9E0B-4B38-8736-4CC683C7C366}.Ad-Hoc|x64.Build.0 = Release|x64
		{4AF6AAD5-9E0B-4B38-8736-4CC683C7C366}.Ad-Hoc|x64.Deploy.0 = Release|x64
		{4AF6AAD5-9E0B-4B38-8736-4CC683C7C366}.Ad-Hoc|x86.ActiveCfg = Release|x86
		{4AF6AAD5-9E0B-4B38-8736-4CC683C7C366}.Ad-Hoc|x86.Build.0 = Release|x86
		{4AF6AAD5-9E0B-4B38-8736-4CC683C7C366}.Ad-Hoc|x86.Deploy.0 = Release|x86
		{4AF6AAD5-9E0B-4B38-8736-4CC683C7C366}.AppStore|Any CPU.ActiveCfg = Release|x86
		{4AF6AAD5-9E0B-4B38-8736-4CC683C7C366}.AppStore|Any CPU.Build.0 = Release|x86
		{4AF6AAD5-9E0B-4B38-8736-4CC683C7C366}.AppStore|Any CPU.Deploy.0 = Release|x86
		{4AF6AAD5-9E0B-4B38-8736-4CC683C7C366}.AppStore|ARM.ActiveCfg = Release|ARM
		{4AF6AAD5-9E0B-4B38-8736-4CC683C7C366}.AppStore|ARM.Build.0 = Release|ARM
		{4AF6AAD5-9E0B-4B38-8736-4CC683C7C366}.AppStore|ARM.Deploy.0 = Release|ARM
		{4AF6AAD5-9E0B-4B38-8736-4CC683C7C366}.AppStore|iPhone.ActiveCfg = Release|x86
		{4AF6AAD5-9E0B-4B38-8736-4CC683C7C366}.AppStore|iPhone.Build.0 = Release|x86
		{4AF6AAD5-9E0B-4B38-8736-4CC683C7C366}.AppStore|iPhone.Deploy.0 = Release|x86
		{4AF6AAD5-9E0B-4B38-8736-4CC683C7C366}.AppStore|iPhoneSimulator.ActiveCfg = Release|x86
		{4AF6AAD5-9E0B-4B38-8736-4CC683C7C366}.AppStore|iPhoneSimulator.Build.0 = Release|x86
		{4AF6AAD5-9E0B-4B38-8736-4CC683C7C366}.AppStore|iPhoneSimulator.Deploy.0 = Release|x86
		{4AF6AAD5-9E0B-4B38-8736-4CC683C7C366}.AppStore|x64.ActiveCfg = Release|x64
		{4AF6AAD5-9E0B-4B38-8736-4CC683C7C366}.AppStore|x64.Build.0 = Release|x64
		{4AF6AAD5-9E0B-4B38-8736-4CC683C7C366}.AppStore|x64.Deploy.0 = Release|x64
		{4AF6AAD5-9E0B-4B38-8736-4CC683C7C366}.AppStore|x86.ActiveCfg = Release|x86
		{4AF6AAD5-9E0B-4B38-8736-4CC683C7C366}.AppStore|x86.Build.0 = Release|x86
		{4AF6AAD5-9E0B-4B38-8736-4CC683C7C366}.AppStore|x86.Deploy.0 = Release|x86
		{4AF6AAD5-9E0B-4B38-8736-4CC683C7C366}.Debug|Any CPU.ActiveCfg = Debug|x86
		{4AF6AAD5-9E0B-4B38-8736-4CC683C7C366}.Debug|Any CPU.Build.0 = Debug|x86
		{4AF6AAD5-9E0B-4B38-8736-4CC683C7C366}.Debug|ARM.ActiveCfg = Debug|ARM
		{4AF6AAD5-9E0B-4B38-8736-4CC683C7C366}.Debug|ARM.Build.0 = Debug|ARM
		{4AF6AAD5-9E0B-4B38-8736-4CC683C7C366}.Debug|ARM.Deploy.0 = Debug|ARM
		{4AF6AAD5-9E0B-4B38-8736-4CC683C7C366}.Debug|iPhone.ActiveCfg = Debug|x86
		{4AF6AAD5-9E0B-4B38-8736-4CC683C7C366}.Debug|iPhoneSimulator.ActiveCfg = Debug|x86
		{4AF6AAD5-9E0B-4B38-8736-4CC683C7C366}.Debug|x64.ActiveCfg = Debug|x64
		{4AF6AAD5-9E0B-4B38-8736-4CC683C7C366}.Debug|x64.Build.0 = Debug|x64
		{4AF6AAD5-9E0B-4B38-8736-4CC683C7C366}.Debug|x64.Deploy.0 = Debug|x64
		{4AF6AAD5-9E0B-4B38-8736-4CC683C7C366}.Debug|x86.ActiveCfg = Debug|x86
		{4AF6AAD5-9E0B-4B38-8736-4CC683C7C366}.Debug|x86.Build.0 = Debug|x86
		{4AF6AAD5-9E0B-4B38-8736-4CC683C7C366}.Debug|x86.Deploy.0 = Debug|x86
		{4AF6AAD5-9E0B-4B38-8736-4CC683C7C366}.Release|Any CPU.ActiveCfg = Release|x86
		{4AF6AAD5-9E0B-4B38-8736-4CC683C7C366}.Release|ARM.ActiveCfg = Release|ARM
		{4AF6AAD5-9E0B-4B38-8736-4CC683C7C366}.Release|ARM.Build.0 = Release|ARM
		{4AF6AAD5-9E0B-4B38-8736-4CC683C7C366}.Release|ARM.Deploy.0 = Release|ARM
		{4AF6AAD5-9E0B-4B38-8736-4CC683C7C366}.Release|iPhone.ActiveCfg = Release|x86
		{4AF6AAD5-9E0B-4B38-8736-4CC683C7C366}.Release|iPhoneSimulator.ActiveCfg = Release|x86
		{4AF6AAD5-9E0B-4B38-8736-4CC683C7C366}.Release|x64.ActiveCfg = Release|x64
		{4AF6AAD5-9E0B-4B38-8736-4CC683C7C366}.Release|x64.Build.0 = Release|x64
		{4AF6AAD5-9E0B-4B38-8736-4CC683C7C366}.Release|x64.Deploy.0 = Release|x64
		{4AF6AAD5-9E0B-4B38-8736-4CC683C7C366}.Release|x86.ActiveCfg = Release|x86
		{4AF6AAD5-9E0B-4B38-8736-4CC683C7C366}.Release|x86.Build.0 = Release|x86
		{4AF6AAD5-9E0B-4B38-8736-4CC683C7C366}.Release|x86.Deploy.0 = Release|x86
		{EECCD8EA-F069-46D1-A4EF-D0E59309B133}.Ad-Hoc|Any CPU.ActiveCfg = Ad-Hoc|iPhoneSimulator
		{EECCD8EA-F069-46D1-A4EF-D0E59309B133}.Ad-Hoc|ARM.ActiveCfg = Ad-Hoc|iPhone
		{EECCD8EA-F069-46D1-A4EF-D0E59309B133}.Ad-Hoc|iPhone.ActiveCfg = Ad-Hoc|iPhone
		{EECCD8EA-F069-46D1-A4EF-D0E59309B133}.Ad-Hoc|iPhone.Build.0 = Ad-Hoc|iPhone
		{EECCD8EA-F069-46D1-A4EF-D0E59309B133}.Ad-Hoc|iPhoneSimulator.ActiveCfg = Ad-Hoc|iPhoneSimulator
		{EECCD8EA-F069-46D1-A4EF-D0E59309B133}.Ad-Hoc|iPhoneSimulator.Build.0 = Ad-Hoc|iPhoneSimulator
		{EECCD8EA-F069-46D1-A4EF-D0E59309B133}.Ad-Hoc|x64.ActiveCfg = Ad-Hoc|iPhone
		{EECCD8EA-F069-46D1-A4EF-D0E59309B133}.Ad-Hoc|x86.ActiveCfg = Ad-Hoc|iPhone
		{EECCD8EA-F069-46D1-A4EF-D0E59309B133}.AppStore|Any CPU.ActiveCfg = AppStore|iPhoneSimulator
		{EECCD8EA-F069-46D1-A4EF-D0E59309B133}.AppStore|ARM.ActiveCfg = AppStore|iPhone
		{EECCD8EA-F069-46D1-A4EF-D0E59309B133}.AppStore|iPhone.ActiveCfg = AppStore|iPhone
		{EECCD8EA-F069-46D1-A4EF-D0E59309B133}.AppStore|iPhone.Build.0 = AppStore|iPhone
		{EECCD8EA-F069-46D1-A4EF-D0E59309B133}.AppStore|iPhoneSimulator.ActiveCfg = AppStore|iPhoneSimulator
		{EECCD8EA-F069-46D1-A4EF-D0E59309B133}.AppStore|iPhoneSimulator.Build.0 = AppStore|iPhoneSimulator
		{EECCD8EA-F069-46D1-A4EF-D0E59309B133}.AppStore|x64.ActiveCfg = AppStore|iPhone
		{EECCD8EA-F069-46D1-A4EF-D0E59309B133}.AppStore|x86.ActiveCfg = AppStore|iPhone
		{EECCD8EA-F069-46D1-A4EF-D0E59309B133}.Debug|Any CPU.ActiveCfg = Debug|iPhoneSimulator
		{EECCD8EA-F069-46D1-A4EF-D0E59309B133}.Debug|Any CPU.Build.0 = Debug|iPhoneSimulator
		{EECCD8EA-F069-46D1-A4EF-D0E59309B133}.Debug|ARM.ActiveCfg = Debug|iPhone
		{EECCD8EA-F069-46D1-A4EF-D0E59309B133}.Debug|iPhone.ActiveCfg = Debug|iPhone
		{EECCD8EA-F069-46D1-A4EF-D0E59309B133}.Debug|iPhone.Build.0 = Debug|iPhone
		{EECCD8EA-F069-46D1-A4EF-D0E59309B133}.Debug|iPhoneSimulator.ActiveCfg = Debug|iPhoneSimulator
		{EECCD8EA-F069-46D1-A4EF-D0E59309B133}.Debug|iPhoneSimulator.Build.0 = Debug|iPhoneSimulator
		{EECCD8EA-F069-46D1-A4EF-D0E59309B133}.Debug|x64.ActiveCfg = Debug|iPhone
		{EECCD8EA-F069-46D1-A4EF-D0E59309B133}.Debug|x86.ActiveCfg = Debug|iPhone
		{EECCD8EA-F069-46D1-A4EF-D0E59309B133}.Release|Any CPU.ActiveCfg = Release|iPhoneSimulator
		{EECCD8EA-F069-46D1-A4EF-D0E59309B133}.Release|ARM.ActiveCfg = Release|iPhone
		{EECCD8EA-F069-46D1-A4EF-D0E59309B133}.Release|iPhone.ActiveCfg = Release|iPhone
		{EECCD8EA-F069-46D1-A4EF-D0E59309B133}.Release|iPhone.Build.0 = Release|iPhone
		{EECCD8EA-F069-46D1-A4EF-D0E59309B133}.Release|iPhoneSimulator.ActiveCfg = Release|iPhoneSimulator
		{EECCD8EA-F069-46D1-A4EF-D0E59309B133}.Release|iPhoneSimulator.Build.0 = Release|iPhoneSimulator
		{EECCD8EA-F069-46D1-A4EF-D0E59309B133}.Release|x64.ActiveCfg = Release|iPhone
		{EECCD8EA-F069-46D1-A4EF-D0E59309B133}.Release|x86.ActiveCfg = Release|iPhone
	EndGlobalSection
	GlobalSection(SolutionProperties) = preSolution
		HideSolutionNode = FALSE
	EndGlobalSection
	GlobalSection(ExtensibilityGlobals) = postSolution
		SolutionGuid = {6359CE47-7390-40FC-B33E-62EDB059FFE2}
	EndGlobalSection
EndGlobal
